// !$*UTF8*$!
{
	archiveVersion = 1;
	classes = {
	};
	objectVersion = 48;
	objects = {

/* Begin PBXBuildFile section */
		F62A68E11FFA18BB00732FAB /* AppDelegate.swift in Sources */ = {isa = PBXBuildFile; fileRef = F62A68E01FFA18BB00732FAB /* AppDelegate.swift */; };
		F62A68E31FFA18BB00732FAB /* ViewController.swift in Sources */ = {isa = PBXBuildFile; fileRef = F62A68E21FFA18BB00732FAB /* ViewController.swift */; };
		F62A68E61FFA18BB00732FAB /* Main.storyboard in Resources */ = {isa = PBXBuildFile; fileRef = F62A68E41FFA18BB00732FAB /* Main.storyboard */; };
		F62A68E81FFA18BB00732FAB /* Assets.xcassets in Resources */ = {isa = PBXBuildFile; fileRef = F62A68E71FFA18BB00732FAB /* Assets.xcassets */; };
		F62A68EB1FFA18BB00732FAB /* LaunchScreen.storyboard in Resources */ = {isa = PBXBuildFile; fileRef = F62A68E91FFA18BB00732FAB /* LaunchScreen.storyboard */; };
/* End PBXBuildFile section */

/* Begin PBXFileReference section */
		F62A68DD1FFA18BB00732FAB /* Snake_Feitian.app */ = {isa = PBXFileReference; explicitFileType = wrapper.application; includeInIndex = 0; path = Snake_Feitian.app; sourceTree = BUILT_PRODUCTS_DIR; };
		F62A68E01FFA18BB00732FAB /* AppDelegate.swift */ = {isa = PBXFileReference; lastKnownFileType = sourcecode.swift; path = AppDelegate.swift; sourceTree = "<group>"; };
		F62A68E21FFA18BB00732FAB /* ViewController.swift */ = {isa = PBXFileReference; lastKnownFileType = sourcecode.swift; path = ViewController.swift; sourceTree = "<group>"; };
		F62A68E51FFA18BB00732FAB /* Base */ = {isa = PBXFileReference; lastKnownFileType = file.storyboard; name = Base; path = Base.lproj/Main.storyboard; sourceTree = "<group>"; };
		F62A68E71FFA18BB00732FAB /* Assets.xcassets */ = {isa = PBXFileReference; lastKnownFileType = folder.assetcatalog; path = Assets.xcassets; sourceTree = "<group>"; };
		F62A68EA1FFA18BB00732FAB /* Base */ = {isa = PBXFileReference; lastKnownFileType = file.storyboard; name = Base; path = Base.lproj/LaunchScreen.storyboard; sourceTree = "<group>"; };
		F62A68EC1FFA18BB00732FAB /* Info.plist */ = {isa = PBXFileReference; lastKnownFileType = text.plist.xml; path = Info.plist; sourceTree = "<group>"; };
/* End PBXFileReference section */

/* Begin PBXFrameworksBuildPhase section */
		F62A68DA1FFA18BB00732FAB /* Frameworks */ = {
			isa = PBXFrameworksBuildPhase;
			buildActionMask = 2147483647;
			files = (
			);
			runOnlyForDeploymentPostprocessing = 0;
		};
/* End PBXFrameworksBuildPhase section */

/* Begin PBXGroup section */
		F62A68D41FFA18BB00732FAB = {
			isa = PBXGroup;
			children = (
				F62A68DF1FFA18BB00732FAB /* Snake_Feitian */,
				F62A68DE1FFA18BB00732FAB /* Products */,
			);
			sourceTree = "<group>";
		};
		F62A68DE1FFA18BB00732FAB /* Products */ = {
			isa = PBXGroup;
			children = (
				F62A68DD1FFA18BB00732FAB /* Snake_Feitian.app */,
			);
			name = Products;
			sourceTree = "<group>";
		};
		F62A68DF1FFA18BB00732FAB /* Snake_Feitian */ = {
			isa = PBXGroup;
			children = (
				F62A68E01FFA18BB00732FAB /* AppDelegate.swift */,
				F62A68E21FFA18BB00732FAB /* ViewController.swift */,
				F62A68E41FFA18BB00732FAB /* Main.storyboard */,
				F62A68E71FFA18BB00732FAB /* Assets.xcassets */,
				F62A68E91FFA18BB00732FAB /* LaunchScreen.storyboard */,
				F62A68EC1FFA18BB00732FAB /* Info.plist */,
			);
			path = Snake_Feitian;
			sourceTree = "<group>";
		};
/* End PBXGroup section */

/* Begin PBXNativeTarget section */
		F62A68DC1FFA18BB00732FAB /* Snake_Feitian */ = {
			isa = PBXNativeTarget;
			buildConfigurationList = F62A68EF1FFA18BB00732FAB /* Build configuration list for PBXNativeTarget "Snake_Feitian" */;
			buildPhases = (
				F62A68D91FFA18BB00732FAB /* Sources */,
				F62A68DA1FFA18BB00732FAB /* Frameworks */,
				F62A68DB1FFA18BB00732FAB /* Resources */,
			);
			buildRules = (
			);
			dependencies = (
			);
			name = Snake_Feitian;
			productName = Snake_Feitian;
			productReference = F62A68DD1FFA18BB00732FAB /* Snake_Feitian.app */;
			productType = "com.apple.product-type.application";
		};
/* End PBXNativeTarget section */

/* Begin PBXProject section */
		F62A68D51FFA18BB00732FAB /* Project object */ = {
			isa = PBXProject;
			attributes = {
				LastSwiftUpdateCheck = 0910;
				LastUpgradeCheck = 0910;
				ORGANIZATIONNAME = Snake;
				TargetAttributes = {
					F62A68DC1FFA18BB00732FAB = {
						CreatedOnToolsVersion = 9.1;
						ProvisioningStyle = Automatic;
					};
				};
			};
			buildConfigurationList = F62A68D81FFA18BB00732FAB /* Build configuration list for PBXProject "Snake_Feitian" */;
			compatibilityVersion = "Xcode 8.0";
			developmentRegion = en;
			hasScannedForEncodings = 0;
			knownRegions = (
				en,
				Base,
			);
			mainGroup = F62A68D41FFA18BB00732FAB;
			productRefGroup = F62A68DE1FFA18BB00732FAB /* Products */;
			projectDirPath = "";
			projectRoot = "";
			targets = (
				F62A68DC1FFA18BB00732FAB /* Snake_Feitian */,
			);
		};
/* End PBXProject section */

/* Begin PBXResourcesBuildPhase section */
		F62A68DB1FFA18BB00732FAB /* Resources */ = {
			isa = PBXResourcesBuildPhase;
			buildActionMask = 2147483647;
			files = (
				F62A68EB1FFA18BB00732FAB /* LaunchScreen.storyboard in Resources */,
				F62A68E81FFA18BB00732FAB /* Assets.xcassets in Resources */,
				F62A68E61FFA18BB00732FAB /* Main.storyboard in Resources */,
			);
			runOnlyForDeploymentPostprocessing = 0;
		};
/* End PBXResourcesBuildPhase section */

/* Begin PBXSourcesBuildPhase section */
		F62A68D91FFA18BB00732FAB /* Sources */ = {
			isa = PBXSourcesBuildPhase;
			buildActionMask = 2147483647;
			files = (
				F62A68E31FFA18BB00732FAB /* ViewController.swift in Sources */,
				F62A68E11FFA18BB00732FAB /* AppDelegate.swift in Sources */,
			);
			runOnlyForDeploymentPostprocessing = 0;
		};
/* End PBXSourcesBuildPhase section */

/* Begin PBXVariantGroup section */
		F62A68E41FFA18BB00732FAB /* Main.storyboard */ = {
			isa = PBXVariantGroup;
			children = (
				F62A68E51FFA18BB00732FAB /* Base */,
			);
			name = Main.storyboard;
			sourceTree = "<group>";
		};
		F62A68E91FFA18BB00732FAB /* LaunchScreen.storyboard */ = {
			isa = PBXVariantGroup;
			children = (
				F62A68EA1FFA18BB00732FAB /* Base */,
			);
			name = LaunchScreen.storyboard;
			sourceTree = "<group>";
		};
/* End PBXVariantGroup section */

/* Begin XCBuildConfiguration section */
		F62A68ED1FFA18BB00732FAB /* Debug */ = {
			isa = XCBuildConfiguration;
			buildSettings = {
				ALWAYS_SEARCH_USER_PATHS = NO;
				CLANG_ANALYZER_NONNULL = YES;
				CLANG_ANALYZER_NUMBER_OBJECT_CONVERSION = YES_AGGRESSIVE;
				CLANG_CXX_LANGUAGE_STANDARD = "gnu++14";
				CLANG_CXX_LIBRARY = "libc++";
				CLANG_ENABLE_MODULES = YES;
				CLANG_ENABLE_OBJC_ARC = YES;
				CLANG_WARN_BLOCK_CAPTURE_AUTORELEASING = YES;
				CLANG_WARN_BOOL_CONVERSION = YES;
				CLANG_WARN_COMMA = YES;
				CLANG_WARN_CONSTANT_CONVERSION = YES;
				CLANG_WARN_DIRECT_OBJC_ISA_USAGE = YES_ERROR;
				CLANG_WARN_DOCUMENTATION_COMMENTS = YES;
				CLANG_WARN_EMPTY_BODY = YES;
				CLANG_WARN_ENUM_CONVERSION = YES;
				CLANG_WARN_INFINITE_RECURSION = YES;
				CLANG_WARN_INT_CONVERSION = YES;
				CLANG_WARN_NON_LITERAL_NULL_CONVERSION = YES;
				CLANG_WARN_OBJC_LITERAL_CONVERSION = YES;
				CLANG_WARN_OBJC_ROOT_CLASS = YES_ERROR;
				CLANG_WARN_RANGE_LOOP_ANALYSIS = YES;
				CLANG_WARN_STRICT_PROTOTYPES = YES;
				CLANG_WARN_SUSPICIOUS_MOVE = YES;
				CLANG_WARN_UNGUARDED_AVAILABILITY = YES_AGGRESSIVE;
				CLANG_WARN_UNREACHABLE_CODE = YES;
				CLANG_WARN__DUPLICATE_METHOD_MATCH = YES;
				CODE_SIGN_IDENTITY = "iPhone Developer";
				COPY_PHASE_STRIP = NO;
				DEBUG_INFORMATION_FORMAT = dwarf;
				ENABLE_STRICT_OBJC_MSGSEND = YES;
				ENABLE_TESTABILITY = YES;
				GCC_C_LANGUAGE_STANDARD = gnu11;
				GCC_DYNAMIC_NO_PIC = NO;
				GCC_NO_COMMON_BLOCKS = YES;
				GCC_OPTIMIZATION_LEVEL = 0;
				GCC_PREPROCESSOR_DEFINITIONS = (
					"DEBUG=1",
					"$(inherited)",
				);
				GCC_WARN_64_TO_32_BIT_CONVERSION = YES;
				GCC_WARN_ABOUT_RETURN_TYPE = YES_ERROR;
				GCC_WARN_UNDECLARED_SELECTOR = YES;
				GCC_WARN_UNINITIALIZED_AUTOS = YES_AGGRESSIVE;
				GCC_WARN_UNUSED_FUNCTION = YES;
				GCC_WARN_UNUSED_VARIABLE = YES;
				IPHONEOS_DEPLOYMENT_TARGET = 11.1;
				MTL_ENABLE_DEBUG_INFO = YES;
				ONLY_ACTIVE_ARCH = YES;
				SDKROOT = iphoneos;
				SWIFT_ACTIVE_COMPILATION_CONDITIONS = DEBUG;
				SWIFT_OPTIMIZATION_LEVEL = "-Onone";
			};
			name = Debug;
		};
		F62A68EE1FFA18BB00732FAB /* Release */ = {
			isa = XCBuildConfiguration;
			buildSettings = {
				ALWAYS_SEARCH_USER_PATHS = NO;
				CLANG_ANALYZER_NONNULL = YES;
				CLANG_ANALYZER_NUMBER_OBJECT_CONVERSION = YES_AGGRESSIVE;
				CLANG_CXX_LANGUAGE_STANDARD = "gnu++14";
				CLANG_CXX_LIBRARY = "libc++";
				CLANG_ENABLE_MODULES = YES;
				CLANG_ENABLE_OBJC_ARC = YES;
				CLANG_WARN_BLOCK_CAPTURE_AUTORELEASING = YES;
				CLANG_WARN_BOOL_CONVERSION = YES;
				CLANG_WARN_COMMA = YES;
				CLANG_WARN_CONSTANT_CONVERSION = YES;
				CLANG_WARN_DIRECT_OBJC_ISA_USAGE = YES_ERROR;
				CLANG_WARN_DOCUMENTATION_COMMENTS = YES;
				CLANG_WARN_EMPTY_BODY = YES;
				CLANG_WARN_ENUM_CONVERSION = YES;
				CLANG_WARN_INFINITE_RECURSION = YES;
				CLANG_WARN_INT_CONVERSION = YES;
				CLANG_WARN_NON_LITERAL_NULL_CONVERSION = YES;
				CLANG_WARN_OBJC_LITERAL_CONVERSION = YES;
				CLANG_WARN_OBJC_ROOT_CLASS = YES_ERROR;
				CLANG_WARN_RANGE_LOOP_ANALYSIS = YES;
				CLANG_WARN_STRICT_PROTOTYPES = YES;
				CLANG_WARN_SUSPICIOUS_MOVE = YES;
				CLANG_WARN_UNGUARDED_AVAILABILITY = YES_AGGRESSIVE;
				CLANG_WARN_UNREACHABLE_CODE = YES;
				CLANG_WARN__DUPLICATE_METHOD_MATCH = YES;
				CODE_SIGN_IDENTITY = "iPhone Developer";
				COPY_PHASE_STRIP = NO;
				DEBUG_INFORMATION_FORMAT = "dwarf-with-dsym";
				ENABLE_NS_ASSERTIONS = NO;
				ENABLE_STRICT_OBJC_MSGSEND = YES;
				GCC_C_LANGUAGE_STANDARD = gnu11;
				GCC_NO_COMMON_BLOCKS = YES;
				GCC_WARN_64_TO_32_BIT_CONVERSION = YES;
				GCC_WARN_ABOUT_RETURN_TYPE = YES_ERROR;
				GCC_WARN_UNDECLARED_SELECTOR = YES;
				GCC_WARN_UNINITIALIZED_AUTOS = YES_AGGRESSIVE;
				GCC_WARN_UNUSED_FUNCTION = YES;
				GCC_WARN_UNUSED_VARIABLE = YES;
				IPHONEOS_DEPLOYMENT_TARGET = 11.1;
				MTL_ENABLE_DEBUG_INFO = NO;
				SDKROOT = iphoneos;
				SWIFT_OPTIMIZATION_LEVEL = "-Owholemodule";
				VALIDATE_PRODUCT = YES;
			};
			name = Release;
		};
		F62A68F01FFA18BB00732FAB /* Debug */ = {
			isa = XCBuildConfiguration;
			buildSettings = {
				ASSETCATALOG_COMPILER_APPICON_NAME = AppIcon;
				CODE_SIGN_STYLE = Automatic;
				INFOPLIST_FILE = Snake_Feitian/Info.plist;
				LD_RUNPATH_SEARCH_PATHS = "$(inherited) @executable_path/Frameworks";
				PRODUCT_BUNDLE_IDENTIFIER = "snake.Snake-Feitian";
				PRODUCT_NAME = "$(TARGET_NAME)";
				SWIFT_VERSION = 4.0;
				TARGETED_DEVICE_FAMILY = "1,2";
			};
			name = Debug;
		};
		F62A68F11FFA18BB00732FAB /* Release */ = {
			isa = XCBuildConfiguration;
			buildSettings = {
				ASSETCATALOG_COMPILER_APPICON_NAME = AppIcon;
				CODE_SIGN_STYLE = Automatic;
				INFOPLIST_FILE = Snake_Feitian/Info.plist;
				LD_RUNPATH_SEARCH_PATHS = "$(inherited) @executable_path/Frameworks";
				PRODUCT_BUNDLE_IDENTIFIER = "snake.Snake-Feitian";
				PRODUCT_NAME = "$(TARGET_NAME)";
				SWIFT_VERSION = 4.0;
				TARGETED_DEVICE_FAMILY = "1,2";
			};
			name = Release;
		};
/* End XCBuildConfiguration section */

/* Begin XCConfigurationList section */
		F62A68D81FFA18BB00732FAB /* Build configuration list for PBXProject "Snake_Feitian" */ = {
			isa = XCConfigurationList;
			buildConfigurations = (
				F62A68ED1FFA18BB00732FAB /* Debug */,
				F62A68EE1FFA18BB00732FAB /* Release */,
			);
			defaultConfigurationIsVisible = 0;
			defaultConfigurationName = Release;
		};
		F62A68EF1FFA18BB00732FAB /* Build configuration list for PBXNativeTarget "Snake_Feitian" */ = {
			isa = XCConfigurationList;
			buildConfigurations = (
				F62A68F01FFA18BB00732FAB /* Debug */,
				F62A68F11FFA18BB00732FAB /* Release */,
			);
			defaultConfigurationIsVisible = 0;
			defaultConfigurationName = Release;
		};
/* End XCConfigurationList section */
	};
	rootObject = F62A68D51FFA18BB00732FAB /* Project object */;
}
