// !$*UTF8*$!
{
	archiveVersion = 1;
	classes = {
	};
	objectVersion = 48;
	objects = {

/* Begin PBXBuildFile section */
		477988A8B7626992B8A8AA5C /* Pods_Snake_Feitian.framework in Frameworks */ = {isa = PBXBuildFile; fileRef = F196A3E7F6A3179653236CD4 /* Pods_Snake_Feitian.framework */; };
		F611DC432009E07B009A1203 /* ChooseManagerViewController.swift in Sources */ = {isa = PBXBuildFile; fileRef = F611DC412009E07B009A1203 /* ChooseManagerViewController.swift */; };
		F611DC442009E07B009A1203 /* ChooseManagerViewController.xib in Resources */ = {isa = PBXBuildFile; fileRef = F611DC422009E07B009A1203 /* ChooseManagerViewController.xib */; };
		F611DC472009EBD9009A1203 /* BaseTitleDetailTableViewCell.swift in Sources */ = {isa = PBXBuildFile; fileRef = F611DC452009EBD9009A1203 /* BaseTitleDetailTableViewCell.swift */; };
		F611DC482009EBD9009A1203 /* BaseTitleDetailTableViewCell.xib in Resources */ = {isa = PBXBuildFile; fileRef = F611DC462009EBD9009A1203 /* BaseTitleDetailTableViewCell.xib */; };
		F611DC532009FDD7009A1203 /* RegisterEmployeeViewController.swift in Sources */ = {isa = PBXBuildFile; fileRef = F611DC512009FDD7009A1203 /* RegisterEmployeeViewController.swift */; };
		F611DC542009FDD7009A1203 /* RegisterEmployeeViewController.xib in Resources */ = {isa = PBXBuildFile; fileRef = F611DC522009FDD7009A1203 /* RegisterEmployeeViewController.xib */; };
		F6268C3D200B43150036FC2B /* AlterPasswordViewController.swift in Sources */ = {isa = PBXBuildFile; fileRef = F6268C3B200B43150036FC2B /* AlterPasswordViewController.swift */; };
		F6268C3E200B43150036FC2B /* AlterPasswordViewController.xib in Resources */ = {isa = PBXBuildFile; fileRef = F6268C3C200B43150036FC2B /* AlterPasswordViewController.xib */; };
		F6268C41200B43290036FC2B /* CheckPersonalInfoViewController.swift in Sources */ = {isa = PBXBuildFile; fileRef = F6268C3F200B43290036FC2B /* CheckPersonalInfoViewController.swift */; };
		F6268C42200B43290036FC2B /* CheckPersonalInfoViewController.xib in Resources */ = {isa = PBXBuildFile; fileRef = F6268C40200B43290036FC2B /* CheckPersonalInfoViewController.xib */; };
		F6268C46200B541D0036FC2B /* ProductsUsingViewController.swift in Sources */ = {isa = PBXBuildFile; fileRef = F6268C44200B541D0036FC2B /* ProductsUsingViewController.swift */; };
		F6268C47200B541D0036FC2B /* ProductsUsingViewController.xib in Resources */ = {isa = PBXBuildFile; fileRef = F6268C45200B541D0036FC2B /* ProductsUsingViewController.xib */; };
		F6268C4A200B54420036FC2B /* BodyStatusViewController.swift in Sources */ = {isa = PBXBuildFile; fileRef = F6268C48200B54420036FC2B /* BodyStatusViewController.swift */; };
		F6268C4B200B54420036FC2B /* BodyStatusViewController.xib in Resources */ = {isa = PBXBuildFile; fileRef = F6268C49200B54420036FC2B /* BodyStatusViewController.xib */; };
		F6268C4E200B545A0036FC2B /* FollowingEmployeesViewController.swift in Sources */ = {isa = PBXBuildFile; fileRef = F6268C4C200B545A0036FC2B /* FollowingEmployeesViewController.swift */; };
		F6268C4F200B545A0036FC2B /* FollowingEmployeesViewController.xib in Resources */ = {isa = PBXBuildFile; fileRef = F6268C4D200B545A0036FC2B /* FollowingEmployeesViewController.xib */; };
		F6268C51200B58C70036FC2B /* CustomerModel.swift in Sources */ = {isa = PBXBuildFile; fileRef = F6268C50200B58C70036FC2B /* CustomerModel.swift */; };
		F6268C54200B5CEC0036FC2B /* BodyStatusTableViewCell.swift in Sources */ = {isa = PBXBuildFile; fileRef = F6268C52200B5CEC0036FC2B /* BodyStatusTableViewCell.swift */; };
		F6268C55200B5CEC0036FC2B /* BodyStatusTableViewCell.xib in Resources */ = {isa = PBXBuildFile; fileRef = F6268C53200B5CEC0036FC2B /* BodyStatusTableViewCell.xib */; };
		F6268C59200B646A0036FC2B /* AlterBodyStatusViewController.swift in Sources */ = {isa = PBXBuildFile; fileRef = F6268C57200B646A0036FC2B /* AlterBodyStatusViewController.swift */; };
		F6268C5A200B646A0036FC2B /* AlterBodyStatusViewController.xib in Resources */ = {isa = PBXBuildFile; fileRef = F6268C58200B646A0036FC2B /* AlterBodyStatusViewController.xib */; };
		F6268C5D200B64910036FC2B /* AddBodyStatusViewController.swift in Sources */ = {isa = PBXBuildFile; fileRef = F6268C5B200B64910036FC2B /* AddBodyStatusViewController.swift */; };
		F6268C5E200B64910036FC2B /* AddBodyStatusViewController.xib in Resources */ = {isa = PBXBuildFile; fileRef = F6268C5C200B64910036FC2B /* AddBodyStatusViewController.xib */; };
		F6268C61200B64AF0036FC2B /* AddFollowingEmployeesViewController.swift in Sources */ = {isa = PBXBuildFile; fileRef = F6268C5F200B64AF0036FC2B /* AddFollowingEmployeesViewController.swift */; };
		F6268C62200B64AF0036FC2B /* AddFollowingEmployeesViewController.xib in Resources */ = {isa = PBXBuildFile; fileRef = F6268C60200B64AF0036FC2B /* AddFollowingEmployeesViewController.xib */; };
		F6268C65200B698A0036FC2B /* AddNewsReleaseViewController.swift in Sources */ = {isa = PBXBuildFile; fileRef = F6268C63200B698A0036FC2B /* AddNewsReleaseViewController.swift */; };
		F6268C66200B698A0036FC2B /* AddNewsReleaseViewController.xib in Resources */ = {isa = PBXBuildFile; fileRef = F6268C64200B698A0036FC2B /* AddNewsReleaseViewController.xib */; };
		F62A68E11FFA18BB00732FAB /* AppDelegate.swift in Sources */ = {isa = PBXBuildFile; fileRef = F62A68E01FFA18BB00732FAB /* AppDelegate.swift */; };
		F62A68E31FFA18BB00732FAB /* ViewController.swift in Sources */ = {isa = PBXBuildFile; fileRef = F62A68E21FFA18BB00732FAB /* ViewController.swift */; };
		F62A68E61FFA18BB00732FAB /* Main.storyboard in Resources */ = {isa = PBXBuildFile; fileRef = F62A68E41FFA18BB00732FAB /* Main.storyboard */; };
		F62A68E81FFA18BB00732FAB /* Assets.xcassets in Resources */ = {isa = PBXBuildFile; fileRef = F62A68E71FFA18BB00732FAB /* Assets.xcassets */; };
		F62A68EB1FFA18BB00732FAB /* LaunchScreen.storyboard in Resources */ = {isa = PBXBuildFile; fileRef = F62A68E91FFA18BB00732FAB /* LaunchScreen.storyboard */; };
		F62A68FB1FFA1BB200732FAB /* URLManager.swift in Sources */ = {isa = PBXBuildFile; fileRef = F62A68FA1FFA1BB200732FAB /* URLManager.swift */; };
		F62A68FD1FFA1BCF00732FAB /* HttpManager.swift in Sources */ = {isa = PBXBuildFile; fileRef = F62A68FC1FFA1BCF00732FAB /* HttpManager.swift */; };
		F62A68FF1FFA1BE500732FAB /* SessionManager.swift in Sources */ = {isa = PBXBuildFile; fileRef = F62A68FE1FFA1BE500732FAB /* SessionManager.swift */; };
		F62A69071FFA206F00732FAB /* NotificationDefineds.swift in Sources */ = {isa = PBXBuildFile; fileRef = F62A69061FFA206F00732FAB /* NotificationDefineds.swift */; };
		F62A69091FFA209A00732FAB /* StringMd5.swift in Sources */ = {isa = PBXBuildFile; fileRef = F62A69081FFA209A00732FAB /* StringMd5.swift */; };
		F62A690D1FFA20DD00732FAB /* YTNibPlaceHolderView.xib in Resources */ = {isa = PBXBuildFile; fileRef = F62A690A1FFA20DC00732FAB /* YTNibPlaceHolderView.xib */; };
		F62A690E1FFA20DD00732FAB /* CreatAlertViewController.swift in Sources */ = {isa = PBXBuildFile; fileRef = F62A690B1FFA20DC00732FAB /* CreatAlertViewController.swift */; };
		F62A690F1FFA20DD00732FAB /* YTNibPlaceHolderView.swift in Sources */ = {isa = PBXBuildFile; fileRef = F62A690C1FFA20DD00732FAB /* YTNibPlaceHolderView.swift */; };
		F62A69141FFA21CA00732FAB /* BaseNavigationController.swift in Sources */ = {isa = PBXBuildFile; fileRef = F62A69101FFA21CA00732FAB /* BaseNavigationController.swift */; };
		F62A69151FFA21CA00732FAB /* BaseViewController.xib in Resources */ = {isa = PBXBuildFile; fileRef = F62A69111FFA21CA00732FAB /* BaseViewController.xib */; };
		F62A69161FFA21CA00732FAB /* BaseNavigationController.xib in Resources */ = {isa = PBXBuildFile; fileRef = F62A69121FFA21CA00732FAB /* BaseNavigationController.xib */; };
		F62A69171FFA21CA00732FAB /* BaseViewController.swift in Sources */ = {isa = PBXBuildFile; fileRef = F62A69131FFA21CA00732FAB /* BaseViewController.swift */; };
		F62A691B1FFA231700732FAB /* UIViewExtension.swift in Sources */ = {isa = PBXBuildFile; fileRef = F62A69191FFA231700732FAB /* UIViewExtension.swift */; };
		F62A691C1FFA231700732FAB /* UIViewControllerExtension.swift in Sources */ = {isa = PBXBuildFile; fileRef = F62A691A1FFA231700732FAB /* UIViewControllerExtension.swift */; };
		F62A691F1FFA239500732FAB /* ToolHelper.swift in Sources */ = {isa = PBXBuildFile; fileRef = F62A691D1FFA239500732FAB /* ToolHelper.swift */; };
		F62A69201FFA239500732FAB /* AlertHelper.swift in Sources */ = {isa = PBXBuildFile; fileRef = F62A691E1FFA239500732FAB /* AlertHelper.swift */; };
		F62A69221FFA23FC00732FAB /* ConstantStringDefines.swift in Sources */ = {isa = PBXBuildFile; fileRef = F62A69211FFA23FB00732FAB /* ConstantStringDefines.swift */; };
		F62A69251FFA245800732FAB /* BaseTableViewCell.swift in Sources */ = {isa = PBXBuildFile; fileRef = F62A69231FFA245700732FAB /* BaseTableViewCell.swift */; };
		F62A69261FFA245800732FAB /* BaseTableViewCell.xib in Resources */ = {isa = PBXBuildFile; fileRef = F62A69241FFA245700732FAB /* BaseTableViewCell.xib */; };
		F62A692E1FFA25FD00732FAB /* MainViewController.swift in Sources */ = {isa = PBXBuildFile; fileRef = F62A692D1FFA25FD00732FAB /* MainViewController.swift */; };
		F62A69311FFA260400732FAB /* LoginViewController.xib in Resources */ = {isa = PBXBuildFile; fileRef = F62A692F1FFA260400732FAB /* LoginViewController.xib */; };
		F62A69321FFA260400732FAB /* LoginViewController.swift in Sources */ = {isa = PBXBuildFile; fileRef = F62A69301FFA260400732FAB /* LoginViewController.swift */; };
		F62A69711FFA263E00732FAB /* MineTableViewCell.swift in Sources */ = {isa = PBXBuildFile; fileRef = F62A69341FFA263E00732FAB /* MineTableViewCell.swift */; };
		F62A69721FFA263E00732FAB /* MineHeaderView.swift in Sources */ = {isa = PBXBuildFile; fileRef = F62A69351FFA263E00732FAB /* MineHeaderView.swift */; };
		F62A69731FFA263E00732FAB /* MineViewController.xib in Resources */ = {isa = PBXBuildFile; fileRef = F62A69361FFA263E00732FAB /* MineViewController.xib */; };
		F62A69741FFA263E00732FAB /* MineHeaderView.xib in Resources */ = {isa = PBXBuildFile; fileRef = F62A69371FFA263E00732FAB /* MineHeaderView.xib */; };
		F62A69751FFA263E00732FAB /* MineViewController.swift in Sources */ = {isa = PBXBuildFile; fileRef = F62A69381FFA263E00732FAB /* MineViewController.swift */; };
		F62A69761FFA263E00732FAB /* MineTableViewCell.xib in Resources */ = {isa = PBXBuildFile; fileRef = F62A69391FFA263E00732FAB /* MineTableViewCell.xib */; };
		F62A69771FFA263E00732FAB /* WorkbenchViewController.xib in Resources */ = {isa = PBXBuildFile; fileRef = F62A693B1FFA263E00732FAB /* WorkbenchViewController.xib */; };
		F62A69781FFA263E00732FAB /* WorkbenchViewController.swift in Sources */ = {isa = PBXBuildFile; fileRef = F62A693C1FFA263E00732FAB /* WorkbenchViewController.swift */; };
		F62A69791FFA263E00732FAB /* AfterSalesManagementViewController.xib in Resources */ = {isa = PBXBuildFile; fileRef = F62A693F1FFA263E00732FAB /* AfterSalesManagementViewController.xib */; };
		F62A697A1FFA263E00732FAB /* AfterSalesManagementViewController.swift in Sources */ = {isa = PBXBuildFile; fileRef = F62A69401FFA263E00732FAB /* AfterSalesManagementViewController.swift */; };
		F62A697B1FFA263E00732FAB /* EmployeesManagementTableViewCell.xib in Resources */ = {isa = PBXBuildFile; fileRef = F62A69431FFA263E00732FAB /* EmployeesManagementTableViewCell.xib */; };
		F62A697C1FFA263E00732FAB /* EmployeesManagementTableViewCell.swift in Sources */ = {isa = PBXBuildFile; fileRef = F62A69441FFA263E00732FAB /* EmployeesManagementTableViewCell.swift */; };
		F62A697D1FFA263E00732FAB /* EmployeesManagementViewController.swift in Sources */ = {isa = PBXBuildFile; fileRef = F62A69451FFA263E00732FAB /* EmployeesManagementViewController.swift */; };
		F62A697E1FFA263E00732FAB /* EmployeesManagementViewController.xib in Resources */ = {isa = PBXBuildFile; fileRef = F62A69461FFA263E00732FAB /* EmployeesManagementViewController.xib */; };
		F62A697F1FFA263E00732FAB /* MoreDetailCustomerViewController.swift in Sources */ = {isa = PBXBuildFile; fileRef = F62A69481FFA263E00732FAB /* MoreDetailCustomerViewController.swift */; };
		F62A69801FFA263E00732FAB /* AddNewCustomerViewController.xib in Resources */ = {isa = PBXBuildFile; fileRef = F62A69491FFA263E00732FAB /* AddNewCustomerViewController.xib */; };
		F62A69811FFA263E00732FAB /* DetailCustomerViewController.xib in Resources */ = {isa = PBXBuildFile; fileRef = F62A694A1FFA263E00732FAB /* DetailCustomerViewController.xib */; };
		F62A69821FFA263E00732FAB /* MineCustomerViewController.xib in Resources */ = {isa = PBXBuildFile; fileRef = F62A694B1FFA263E00732FAB /* MineCustomerViewController.xib */; };
		F62A69831FFA263E00732FAB /* DetailCustomerTableViewCell.swift in Sources */ = {isa = PBXBuildFile; fileRef = F62A694D1FFA263E00732FAB /* DetailCustomerTableViewCell.swift */; };
		F62A69841FFA263E00732FAB /* MineCustomerTableViewCell.xib in Resources */ = {isa = PBXBuildFile; fileRef = F62A694E1FFA263E00732FAB /* MineCustomerTableViewCell.xib */; };
		F62A69851FFA263E00732FAB /* MineCustomerTableViewCell.swift in Sources */ = {isa = PBXBuildFile; fileRef = F62A694F1FFA263E00732FAB /* MineCustomerTableViewCell.swift */; };
		F62A69861FFA263E00732FAB /* DetailCustomerTableViewCell.xib in Resources */ = {isa = PBXBuildFile; fileRef = F62A69501FFA263E00732FAB /* DetailCustomerTableViewCell.xib */; };
		F62A69871FFA263E00732FAB /* AddNewCustomerViewController.swift in Sources */ = {isa = PBXBuildFile; fileRef = F62A69511FFA263E00732FAB /* AddNewCustomerViewController.swift */; };
		F62A69881FFA263E00732FAB /* MoreDetailCustomerViewController.xib in Resources */ = {isa = PBXBuildFile; fileRef = F62A69521FFA263E00732FAB /* MoreDetailCustomerViewController.xib */; };
		F62A69891FFA263E00732FAB /* DetailCustomerViewController.swift in Sources */ = {isa = PBXBuildFile; fileRef = F62A69531FFA263E00732FAB /* DetailCustomerViewController.swift */; };
		F62A698A1FFA263E00732FAB /* MineCustomerViewController.swift in Sources */ = {isa = PBXBuildFile; fileRef = F62A69541FFA263E00732FAB /* MineCustomerViewController.swift */; };
		F62A698B1FFA263E00732FAB /* ShopManagementViewController.swift in Sources */ = {isa = PBXBuildFile; fileRef = F62A69561FFA263E00732FAB /* ShopManagementViewController.swift */; };
		F62A698C1FFA263E00732FAB /* EditShopViewController.swift in Sources */ = {isa = PBXBuildFile; fileRef = F62A69571FFA263E00732FAB /* EditShopViewController.swift */; };
		F62A698D1FFA263E00732FAB /* ShopManagementTableViewCell.swift in Sources */ = {isa = PBXBuildFile; fileRef = F62A69591FFA263E00732FAB /* ShopManagementTableViewCell.swift */; };
		F62A698E1FFA263E00732FAB /* ShopManagementTableViewCell.xib in Resources */ = {isa = PBXBuildFile; fileRef = F62A695A1FFA263E00732FAB /* ShopManagementTableViewCell.xib */; };
		F62A698F1FFA263E00732FAB /* EditShopViewController.xib in Resources */ = {isa = PBXBuildFile; fileRef = F62A695B1FFA263E00732FAB /* EditShopViewController.xib */; };
		F62A69901FFA263E00732FAB /* DetailShopViewController.swift in Sources */ = {isa = PBXBuildFile; fileRef = F62A695C1FFA263E00732FAB /* DetailShopViewController.swift */; };
		F62A69911FFA263E00732FAB /* ShopManagementViewController.xib in Resources */ = {isa = PBXBuildFile; fileRef = F62A695D1FFA263E00732FAB /* ShopManagementViewController.xib */; };
		F62A69921FFA263E00732FAB /* AddNewShopViewController.xib in Resources */ = {isa = PBXBuildFile; fileRef = F62A695E1FFA263E00732FAB /* AddNewShopViewController.xib */; };
		F62A69931FFA263E00732FAB /* AddNewShopViewController.swift in Sources */ = {isa = PBXBuildFile; fileRef = F62A695F1FFA263E00732FAB /* AddNewShopViewController.swift */; };
		F62A69941FFA263E00732FAB /* DetailShopViewController.xib in Resources */ = {isa = PBXBuildFile; fileRef = F62A69601FFA263E00732FAB /* DetailShopViewController.xib */; };
		F62A69951FFA263E00732FAB /* ProductManagementViewController.swift in Sources */ = {isa = PBXBuildFile; fileRef = F62A69621FFA263E00732FAB /* ProductManagementViewController.swift */; };
		F62A69961FFA263E00732FAB /* ProductManagementViewController.xib in Resources */ = {isa = PBXBuildFile; fileRef = F62A69631FFA263E00732FAB /* ProductManagementViewController.xib */; };
		F62A69971FFA263E00732FAB /* NewsReleaseViewController.swift in Sources */ = {isa = PBXBuildFile; fileRef = F62A69651FFA263E00732FAB /* NewsReleaseViewController.swift */; };
		F62A69981FFA263E00732FAB /* NewsReleaseViewController.xib in Resources */ = {isa = PBXBuildFile; fileRef = F62A69661FFA263E00732FAB /* NewsReleaseViewController.xib */; };
		F62A69991FFA263E00732FAB /* workbenchTableViewCell.xib in Resources */ = {isa = PBXBuildFile; fileRef = F62A69671FFA263E00732FAB /* workbenchTableViewCell.xib */; };
		F62A699A1FFA263E00732FAB /* workbenchTableViewCell.swift in Sources */ = {isa = PBXBuildFile; fileRef = F62A69681FFA263E00732FAB /* workbenchTableViewCell.swift */; };
		F62A699B1FFA263E00732FAB /* DetailMessageViewController.xib in Resources */ = {isa = PBXBuildFile; fileRef = F62A696A1FFA263E00732FAB /* DetailMessageViewController.xib */; };
		F62A699C1FFA263E00732FAB /* MessageViewController.xib in Resources */ = {isa = PBXBuildFile; fileRef = F62A696B1FFA263E00732FAB /* MessageViewController.xib */; };
		F62A699D1FFA263E00732FAB /* MessageTableViewCell.swift in Sources */ = {isa = PBXBuildFile; fileRef = F62A696D1FFA263E00732FAB /* MessageTableViewCell.swift */; };
		F62A699E1FFA263E00732FAB /* MessageTableViewCell.xib in Resources */ = {isa = PBXBuildFile; fileRef = F62A696E1FFA263E00732FAB /* MessageTableViewCell.xib */; };
		F62A699F1FFA263F00732FAB /* DetailMessageViewController.swift in Sources */ = {isa = PBXBuildFile; fileRef = F62A696F1FFA263E00732FAB /* DetailMessageViewController.swift */; };
		F62A69A01FFA263F00732FAB /* MessageViewController.swift in Sources */ = {isa = PBXBuildFile; fileRef = F62A69701FFA263E00732FAB /* MessageViewController.swift */; };
		F62A69A31FFA278A00732FAB /* Common.xcassets in Resources */ = {isa = PBXBuildFile; fileRef = F62A69A11FFA278A00732FAB /* Common.xcassets */; };
		F62A69A41FFA278A00732FAB /* Login.xcassets in Resources */ = {isa = PBXBuildFile; fileRef = F62A69A21FFA278A00732FAB /* Login.xcassets */; };
		F62A69A71FFA286A00732FAB /* RefreshTableViewController.swift in Sources */ = {isa = PBXBuildFile; fileRef = F62A69A51FFA286A00732FAB /* RefreshTableViewController.swift */; };
		F62A69A81FFA286A00732FAB /* RefreshTableViewController.xib in Resources */ = {isa = PBXBuildFile; fileRef = F62A69A61FFA286A00732FAB /* RefreshTableViewController.xib */; };
		F62A876F1FFBD269003A2F33 /* MessageModel.swift in Sources */ = {isa = PBXBuildFile; fileRef = F62A876E1FFBD269003A2F33 /* MessageModel.swift */; };
		F63FB70620132BF500770533 /* AfterSaleDetailViewController.swift in Sources */ = {isa = PBXBuildFile; fileRef = F63FB70420132BF500770533 /* AfterSaleDetailViewController.swift */; };
		F63FB70720132BF500770533 /* AfterSaleDetailViewController.xib in Resources */ = {isa = PBXBuildFile; fileRef = F63FB70520132BF500770533 /* AfterSaleDetailViewController.xib */; };
		F63FB70920132E0300770533 /* AfterSaleModel.swift in Sources */ = {isa = PBXBuildFile; fileRef = F63FB70820132E0300770533 /* AfterSaleModel.swift */; };
		F63FB70C201349C300770533 /* addProductsUsingViewController.swift in Sources */ = {isa = PBXBuildFile; fileRef = F63FB70A201349C300770533 /* addProductsUsingViewController.swift */; };
		F63FB70D201349C300770533 /* addProductsUsingViewController.xib in Resources */ = {isa = PBXBuildFile; fileRef = F63FB70B201349C300770533 /* addProductsUsingViewController.xib */; };
		F69167AE200A06F5003D3165 /* UserModel.swift in Sources */ = {isa = PBXBuildFile; fileRef = F69167AD200A06F5003D3165 /* UserModel.swift */; };
		F69167B1200A0D5B003D3165 /* ChooseShopViewController.swift in Sources */ = {isa = PBXBuildFile; fileRef = F69167AF200A0D5B003D3165 /* ChooseShopViewController.swift */; };
		F69167B2200A0D5B003D3165 /* ChooseShopViewController.xib in Resources */ = {isa = PBXBuildFile; fileRef = F69167B0200A0D5B003D3165 /* ChooseShopViewController.xib */; };
		F6A0074E201328C9003745E8 /* AfterSaleTableViewCell.swift in Sources */ = {isa = PBXBuildFile; fileRef = F6A0074C201328C9003745E8 /* AfterSaleTableViewCell.swift */; };
		F6A0074F201328C9003745E8 /* AfterSaleTableViewCell.xib in Resources */ = {isa = PBXBuildFile; fileRef = F6A0074D201328C9003745E8 /* AfterSaleTableViewCell.xib */; };
/* End PBXBuildFile section */

/* Begin PBXFileReference section */
		35B2270EBECD62CF3B8FD52E /* Pods-Snake_Feitian.debug.xcconfig */ = {isa = PBXFileReference; includeInIndex = 1; lastKnownFileType = text.xcconfig; name = "Pods-Snake_Feitian.debug.xcconfig"; path = "Pods/Target Support Files/Pods-Snake_Feitian/Pods-Snake_Feitian.debug.xcconfig"; sourceTree = "<group>"; };
		563B6C29904E0D01D0C23E19 /* Pods-Snake_Feitian.release.xcconfig */ = {isa = PBXFileReference; includeInIndex = 1; lastKnownFileType = text.xcconfig; name = "Pods-Snake_Feitian.release.xcconfig"; path = "Pods/Target Support Files/Pods-Snake_Feitian/Pods-Snake_Feitian.release.xcconfig"; sourceTree = "<group>"; };
		F196A3E7F6A3179653236CD4 /* Pods_Snake_Feitian.framework */ = {isa = PBXFileReference; explicitFileType = wrapper.framework; includeInIndex = 0; path = Pods_Snake_Feitian.framework; sourceTree = BUILT_PRODUCTS_DIR; };
		F611DC412009E07B009A1203 /* ChooseManagerViewController.swift */ = {isa = PBXFileReference; lastKnownFileType = sourcecode.swift; path = ChooseManagerViewController.swift; sourceTree = "<group>"; };
		F611DC422009E07B009A1203 /* ChooseManagerViewController.xib */ = {isa = PBXFileReference; lastKnownFileType = file.xib; path = ChooseManagerViewController.xib; sourceTree = "<group>"; };
		F611DC452009EBD9009A1203 /* BaseTitleDetailTableViewCell.swift */ = {isa = PBXFileReference; lastKnownFileType = sourcecode.swift; path = BaseTitleDetailTableViewCell.swift; sourceTree = "<group>"; };
		F611DC462009EBD9009A1203 /* BaseTitleDetailTableViewCell.xib */ = {isa = PBXFileReference; lastKnownFileType = file.xib; path = BaseTitleDetailTableViewCell.xib; sourceTree = "<group>"; };
		F611DC512009FDD7009A1203 /* RegisterEmployeeViewController.swift */ = {isa = PBXFileReference; lastKnownFileType = sourcecode.swift; path = RegisterEmployeeViewController.swift; sourceTree = "<group>"; };
		F611DC522009FDD7009A1203 /* RegisterEmployeeViewController.xib */ = {isa = PBXFileReference; lastKnownFileType = file.xib; path = RegisterEmployeeViewController.xib; sourceTree = "<group>"; };
		F6268C3B200B43150036FC2B /* AlterPasswordViewController.swift */ = {isa = PBXFileReference; lastKnownFileType = sourcecode.swift; path = AlterPasswordViewController.swift; sourceTree = "<group>"; };
		F6268C3C200B43150036FC2B /* AlterPasswordViewController.xib */ = {isa = PBXFileReference; lastKnownFileType = file.xib; path = AlterPasswordViewController.xib; sourceTree = "<group>"; };
		F6268C3F200B43290036FC2B /* CheckPersonalInfoViewController.swift */ = {isa = PBXFileReference; lastKnownFileType = sourcecode.swift; path = CheckPersonalInfoViewController.swift; sourceTree = "<group>"; };
		F6268C40200B43290036FC2B /* CheckPersonalInfoViewController.xib */ = {isa = PBXFileReference; lastKnownFileType = file.xib; path = CheckPersonalInfoViewController.xib; sourceTree = "<group>"; };
		F6268C44200B541D0036FC2B /* ProductsUsingViewController.swift */ = {isa = PBXFileReference; lastKnownFileType = sourcecode.swift; path = ProductsUsingViewController.swift; sourceTree = "<group>"; };
		F6268C45200B541D0036FC2B /* ProductsUsingViewController.xib */ = {isa = PBXFileReference; lastKnownFileType = file.xib; path = ProductsUsingViewController.xib; sourceTree = "<group>"; };
		F6268C48200B54420036FC2B /* BodyStatusViewController.swift */ = {isa = PBXFileReference; lastKnownFileType = sourcecode.swift; path = BodyStatusViewController.swift; sourceTree = "<group>"; };
		F6268C49200B54420036FC2B /* BodyStatusViewController.xib */ = {isa = PBXFileReference; lastKnownFileType = file.xib; path = BodyStatusViewController.xib; sourceTree = "<group>"; };
		F6268C4C200B545A0036FC2B /* FollowingEmployeesViewController.swift */ = {isa = PBXFileReference; lastKnownFileType = sourcecode.swift; path = FollowingEmployeesViewController.swift; sourceTree = "<group>"; };
		F6268C4D200B545A0036FC2B /* FollowingEmployeesViewController.xib */ = {isa = PBXFileReference; lastKnownFileType = file.xib; path = FollowingEmployeesViewController.xib; sourceTree = "<group>"; };
		F6268C50200B58C70036FC2B /* CustomerModel.swift */ = {isa = PBXFileReference; lastKnownFileType = sourcecode.swift; path = CustomerModel.swift; sourceTree = "<group>"; };
		F6268C52200B5CEC0036FC2B /* BodyStatusTableViewCell.swift */ = {isa = PBXFileReference; lastKnownFileType = sourcecode.swift; path = BodyStatusTableViewCell.swift; sourceTree = "<group>"; };
		F6268C53200B5CEC0036FC2B /* BodyStatusTableViewCell.xib */ = {isa = PBXFileReference; lastKnownFileType = file.xib; path = BodyStatusTableViewCell.xib; sourceTree = "<group>"; };
		F6268C57200B646A0036FC2B /* AlterBodyStatusViewController.swift */ = {isa = PBXFileReference; lastKnownFileType = sourcecode.swift; path = AlterBodyStatusViewController.swift; sourceTree = "<group>"; };
		F6268C58200B646A0036FC2B /* AlterBodyStatusViewController.xib */ = {isa = PBXFileReference; lastKnownFileType = file.xib; path = AlterBodyStatusViewController.xib; sourceTree = "<group>"; };
		F6268C5B200B64910036FC2B /* AddBodyStatusViewController.swift */ = {isa = PBXFileReference; lastKnownFileType = sourcecode.swift; path = AddBodyStatusViewController.swift; sourceTree = "<group>"; };
		F6268C5C200B64910036FC2B /* AddBodyStatusViewController.xib */ = {isa = PBXFileReference; lastKnownFileType = file.xib; path = AddBodyStatusViewController.xib; sourceTree = "<group>"; };
		F6268C5F200B64AF0036FC2B /* AddFollowingEmployeesViewController.swift */ = {isa = PBXFileReference; lastKnownFileType = sourcecode.swift; path = AddFollowingEmployeesViewController.swift; sourceTree = "<group>"; };
		F6268C60200B64AF0036FC2B /* AddFollowingEmployeesViewController.xib */ = {isa = PBXFileReference; lastKnownFileType = file.xib; path = AddFollowingEmployeesViewController.xib; sourceTree = "<group>"; };
		F6268C63200B698A0036FC2B /* AddNewsReleaseViewController.swift */ = {isa = PBXFileReference; lastKnownFileType = sourcecode.swift; path = AddNewsReleaseViewController.swift; sourceTree = "<group>"; };
		F6268C64200B698A0036FC2B /* AddNewsReleaseViewController.xib */ = {isa = PBXFileReference; lastKnownFileType = file.xib; path = AddNewsReleaseViewController.xib; sourceTree = "<group>"; };
		F62A68DD1FFA18BB00732FAB /* Snake_Feitian.app */ = {isa = PBXFileReference; explicitFileType = wrapper.application; includeInIndex = 0; path = Snake_Feitian.app; sourceTree = BUILT_PRODUCTS_DIR; };
		F62A68E01FFA18BB00732FAB /* AppDelegate.swift */ = {isa = PBXFileReference; lastKnownFileType = sourcecode.swift; path = AppDelegate.swift; sourceTree = "<group>"; };
		F62A68E21FFA18BB00732FAB /* ViewController.swift */ = {isa = PBXFileReference; lastKnownFileType = sourcecode.swift; path = ViewController.swift; sourceTree = "<group>"; };
		F62A68E51FFA18BB00732FAB /* Base */ = {isa = PBXFileReference; lastKnownFileType = file.storyboard; name = Base; path = Base.lproj/Main.storyboard; sourceTree = "<group>"; };
		F62A68E71FFA18BB00732FAB /* Assets.xcassets */ = {isa = PBXFileReference; lastKnownFileType = folder.assetcatalog; path = Assets.xcassets; sourceTree = "<group>"; };
		F62A68EA1FFA18BB00732FAB /* Base */ = {isa = PBXFileReference; lastKnownFileType = file.storyboard; name = Base; path = Base.lproj/LaunchScreen.storyboard; sourceTree = "<group>"; };
		F62A68EC1FFA18BB00732FAB /* Info.plist */ = {isa = PBXFileReference; lastKnownFileType = text.plist.xml; path = Info.plist; sourceTree = "<group>"; };
		F62A68FA1FFA1BB200732FAB /* URLManager.swift */ = {isa = PBXFileReference; lastKnownFileType = sourcecode.swift; path = URLManager.swift; sourceTree = "<group>"; };
		F62A68FC1FFA1BCF00732FAB /* HttpManager.swift */ = {isa = PBXFileReference; lastKnownFileType = sourcecode.swift; path = HttpManager.swift; sourceTree = "<group>"; };
		F62A68FE1FFA1BE500732FAB /* SessionManager.swift */ = {isa = PBXFileReference; lastKnownFileType = sourcecode.swift; path = SessionManager.swift; sourceTree = "<group>"; };
		F62A69011FFA1F9F00732FAB /* Snake_Feitian-Bridging-Header.h */ = {isa = PBXFileReference; lastKnownFileType = sourcecode.c.h; path = "Snake_Feitian-Bridging-Header.h"; sourceTree = "<group>"; };
		F62A69061FFA206F00732FAB /* NotificationDefineds.swift */ = {isa = PBXFileReference; lastKnownFileType = sourcecode.swift; path = NotificationDefineds.swift; sourceTree = "<group>"; };
		F62A69081FFA209A00732FAB /* StringMd5.swift */ = {isa = PBXFileReference; lastKnownFileType = sourcecode.swift; path = StringMd5.swift; sourceTree = "<group>"; };
		F62A690A1FFA20DC00732FAB /* YTNibPlaceHolderView.xib */ = {isa = PBXFileReference; fileEncoding = 4; lastKnownFileType = file.xib; path = YTNibPlaceHolderView.xib; sourceTree = "<group>"; };
		F62A690B1FFA20DC00732FAB /* CreatAlertViewController.swift */ = {isa = PBXFileReference; fileEncoding = 4; lastKnownFileType = sourcecode.swift; path = CreatAlertViewController.swift; sourceTree = "<group>"; };
		F62A690C1FFA20DD00732FAB /* YTNibPlaceHolderView.swift */ = {isa = PBXFileReference; fileEncoding = 4; lastKnownFileType = sourcecode.swift; path = YTNibPlaceHolderView.swift; sourceTree = "<group>"; };
		F62A69101FFA21CA00732FAB /* BaseNavigationController.swift */ = {isa = PBXFileReference; fileEncoding = 4; lastKnownFileType = sourcecode.swift; path = BaseNavigationController.swift; sourceTree = "<group>"; };
		F62A69111FFA21CA00732FAB /* BaseViewController.xib */ = {isa = PBXFileReference; fileEncoding = 4; lastKnownFileType = file.xib; path = BaseViewController.xib; sourceTree = "<group>"; };
		F62A69121FFA21CA00732FAB /* BaseNavigationController.xib */ = {isa = PBXFileReference; fileEncoding = 4; lastKnownFileType = file.xib; path = BaseNavigationController.xib; sourceTree = "<group>"; };
		F62A69131FFA21CA00732FAB /* BaseViewController.swift */ = {isa = PBXFileReference; fileEncoding = 4; lastKnownFileType = sourcecode.swift; path = BaseViewController.swift; sourceTree = "<group>"; };
		F62A69191FFA231700732FAB /* UIViewExtension.swift */ = {isa = PBXFileReference; fileEncoding = 4; lastKnownFileType = sourcecode.swift; path = UIViewExtension.swift; sourceTree = "<group>"; };
		F62A691A1FFA231700732FAB /* UIViewControllerExtension.swift */ = {isa = PBXFileReference; fileEncoding = 4; lastKnownFileType = sourcecode.swift; path = UIViewControllerExtension.swift; sourceTree = "<group>"; };
		F62A691D1FFA239500732FAB /* ToolHelper.swift */ = {isa = PBXFileReference; fileEncoding = 4; lastKnownFileType = sourcecode.swift; path = ToolHelper.swift; sourceTree = "<group>"; };
		F62A691E1FFA239500732FAB /* AlertHelper.swift */ = {isa = PBXFileReference; fileEncoding = 4; lastKnownFileType = sourcecode.swift; path = AlertHelper.swift; sourceTree = "<group>"; };
		F62A69211FFA23FB00732FAB /* ConstantStringDefines.swift */ = {isa = PBXFileReference; fileEncoding = 4; lastKnownFileType = sourcecode.swift; path = ConstantStringDefines.swift; sourceTree = "<group>"; };
		F62A69231FFA245700732FAB /* BaseTableViewCell.swift */ = {isa = PBXFileReference; fileEncoding = 4; lastKnownFileType = sourcecode.swift; path = BaseTableViewCell.swift; sourceTree = "<group>"; };
		F62A69241FFA245700732FAB /* BaseTableViewCell.xib */ = {isa = PBXFileReference; fileEncoding = 4; lastKnownFileType = file.xib; path = BaseTableViewCell.xib; sourceTree = "<group>"; };
		F62A692D1FFA25FD00732FAB /* MainViewController.swift */ = {isa = PBXFileReference; fileEncoding = 4; lastKnownFileType = sourcecode.swift; path = MainViewController.swift; sourceTree = "<group>"; };
		F62A692F1FFA260400732FAB /* LoginViewController.xib */ = {isa = PBXFileReference; fileEncoding = 4; lastKnownFileType = file.xib; path = LoginViewController.xib; sourceTree = "<group>"; };
		F62A69301FFA260400732FAB /* LoginViewController.swift */ = {isa = PBXFileReference; fileEncoding = 4; lastKnownFileType = sourcecode.swift; path = LoginViewController.swift; sourceTree = "<group>"; };
		F62A69341FFA263E00732FAB /* MineTableViewCell.swift */ = {isa = PBXFileReference; fileEncoding = 4; lastKnownFileType = sourcecode.swift; path = MineTableViewCell.swift; sourceTree = "<group>"; };
		F62A69351FFA263E00732FAB /* MineHeaderView.swift */ = {isa = PBXFileReference; fileEncoding = 4; lastKnownFileType = sourcecode.swift; path = MineHeaderView.swift; sourceTree = "<group>"; };
		F62A69361FFA263E00732FAB /* MineViewController.xib */ = {isa = PBXFileReference; fileEncoding = 4; lastKnownFileType = file.xib; path = MineViewController.xib; sourceTree = "<group>"; };
		F62A69371FFA263E00732FAB /* MineHeaderView.xib */ = {isa = PBXFileReference; fileEncoding = 4; lastKnownFileType = file.xib; path = MineHeaderView.xib; sourceTree = "<group>"; };
		F62A69381FFA263E00732FAB /* MineViewController.swift */ = {isa = PBXFileReference; fileEncoding = 4; lastKnownFileType = sourcecode.swift; path = MineViewController.swift; sourceTree = "<group>"; };
		F62A69391FFA263E00732FAB /* MineTableViewCell.xib */ = {isa = PBXFileReference; fileEncoding = 4; lastKnownFileType = file.xib; path = MineTableViewCell.xib; sourceTree = "<group>"; };
		F62A693B1FFA263E00732FAB /* WorkbenchViewController.xib */ = {isa = PBXFileReference; fileEncoding = 4; lastKnownFileType = file.xib; path = WorkbenchViewController.xib; sourceTree = "<group>"; };
		F62A693C1FFA263E00732FAB /* WorkbenchViewController.swift */ = {isa = PBXFileReference; fileEncoding = 4; lastKnownFileType = sourcecode.swift; path = WorkbenchViewController.swift; sourceTree = "<group>"; };
		F62A693F1FFA263E00732FAB /* AfterSalesManagementViewController.xib */ = {isa = PBXFileReference; fileEncoding = 4; lastKnownFileType = file.xib; path = AfterSalesManagementViewController.xib; sourceTree = "<group>"; };
		F62A69401FFA263E00732FAB /* AfterSalesManagementViewController.swift */ = {isa = PBXFileReference; fileEncoding = 4; lastKnownFileType = sourcecode.swift; path = AfterSalesManagementViewController.swift; sourceTree = "<group>"; };
		F62A69431FFA263E00732FAB /* EmployeesManagementTableViewCell.xib */ = {isa = PBXFileReference; fileEncoding = 4; lastKnownFileType = file.xib; path = EmployeesManagementTableViewCell.xib; sourceTree = "<group>"; };
		F62A69441FFA263E00732FAB /* EmployeesManagementTableViewCell.swift */ = {isa = PBXFileReference; fileEncoding = 4; lastKnownFileType = sourcecode.swift; path = EmployeesManagementTableViewCell.swift; sourceTree = "<group>"; };
		F62A69451FFA263E00732FAB /* EmployeesManagementViewController.swift */ = {isa = PBXFileReference; fileEncoding = 4; lastKnownFileType = sourcecode.swift; path = EmployeesManagementViewController.swift; sourceTree = "<group>"; };
		F62A69461FFA263E00732FAB /* EmployeesManagementViewController.xib */ = {isa = PBXFileReference; fileEncoding = 4; lastKnownFileType = file.xib; path = EmployeesManagementViewController.xib; sourceTree = "<group>"; };
		F62A69481FFA263E00732FAB /* MoreDetailCustomerViewController.swift */ = {isa = PBXFileReference; fileEncoding = 4; lastKnownFileType = sourcecode.swift; path = MoreDetailCustomerViewController.swift; sourceTree = "<group>"; };
		F62A69491FFA263E00732FAB /* AddNewCustomerViewController.xib */ = {isa = PBXFileReference; fileEncoding = 4; lastKnownFileType = file.xib; path = AddNewCustomerViewController.xib; sourceTree = "<group>"; };
		F62A694A1FFA263E00732FAB /* DetailCustomerViewController.xib */ = {isa = PBXFileReference; fileEncoding = 4; lastKnownFileType = file.xib; path = DetailCustomerViewController.xib; sourceTree = "<group>"; };
		F62A694B1FFA263E00732FAB /* MineCustomerViewController.xib */ = {isa = PBXFileReference; fileEncoding = 4; lastKnownFileType = file.xib; path = MineCustomerViewController.xib; sourceTree = "<group>"; };
		F62A694D1FFA263E00732FAB /* DetailCustomerTableViewCell.swift */ = {isa = PBXFileReference; fileEncoding = 4; lastKnownFileType = sourcecode.swift; path = DetailCustomerTableViewCell.swift; sourceTree = "<group>"; };
		F62A694E1FFA263E00732FAB /* MineCustomerTableViewCell.xib */ = {isa = PBXFileReference; fileEncoding = 4; lastKnownFileType = file.xib; path = MineCustomerTableViewCell.xib; sourceTree = "<group>"; };
		F62A694F1FFA263E00732FAB /* MineCustomerTableViewCell.swift */ = {isa = PBXFileReference; fileEncoding = 4; lastKnownFileType = sourcecode.swift; path = MineCustomerTableViewCell.swift; sourceTree = "<group>"; };
		F62A69501FFA263E00732FAB /* DetailCustomerTableViewCell.xib */ = {isa = PBXFileReference; fileEncoding = 4; lastKnownFileType = file.xib; path = DetailCustomerTableViewCell.xib; sourceTree = "<group>"; };
		F62A69511FFA263E00732FAB /* AddNewCustomerViewController.swift */ = {isa = PBXFileReference; fileEncoding = 4; lastKnownFileType = sourcecode.swift; path = AddNewCustomerViewController.swift; sourceTree = "<group>"; };
		F62A69521FFA263E00732FAB /* MoreDetailCustomerViewController.xib */ = {isa = PBXFileReference; fileEncoding = 4; lastKnownFileType = file.xib; path = MoreDetailCustomerViewController.xib; sourceTree = "<group>"; };
		F62A69531FFA263E00732FAB /* DetailCustomerViewController.swift */ = {isa = PBXFileReference; fileEncoding = 4; lastKnownFileType = sourcecode.swift; path = DetailCustomerViewController.swift; sourceTree = "<group>"; };
		F62A69541FFA263E00732FAB /* MineCustomerViewController.swift */ = {isa = PBXFileReference; fileEncoding = 4; lastKnownFileType = sourcecode.swift; path = MineCustomerViewController.swift; sourceTree = "<group>"; };
		F62A69561FFA263E00732FAB /* ShopManagementViewController.swift */ = {isa = PBXFileReference; fileEncoding = 4; lastKnownFileType = sourcecode.swift; path = ShopManagementViewController.swift; sourceTree = "<group>"; };
		F62A69571FFA263E00732FAB /* EditShopViewController.swift */ = {isa = PBXFileReference; fileEncoding = 4; lastKnownFileType = sourcecode.swift; path = EditShopViewController.swift; sourceTree = "<group>"; };
		F62A69591FFA263E00732FAB /* ShopManagementTableViewCell.swift */ = {isa = PBXFileReference; fileEncoding = 4; lastKnownFileType = sourcecode.swift; path = ShopManagementTableViewCell.swift; sourceTree = "<group>"; };
		F62A695A1FFA263E00732FAB /* ShopManagementTableViewCell.xib */ = {isa = PBXFileReference; fileEncoding = 4; lastKnownFileType = file.xib; path = ShopManagementTableViewCell.xib; sourceTree = "<group>"; };
		F62A695B1FFA263E00732FAB /* EditShopViewController.xib */ = {isa = PBXFileReference; fileEncoding = 4; lastKnownFileType = file.xib; path = EditShopViewController.xib; sourceTree = "<group>"; };
		F62A695C1FFA263E00732FAB /* DetailShopViewController.swift */ = {isa = PBXFileReference; fileEncoding = 4; lastKnownFileType = sourcecode.swift; path = DetailShopViewController.swift; sourceTree = "<group>"; };
		F62A695D1FFA263E00732FAB /* ShopManagementViewController.xib */ = {isa = PBXFileReference; fileEncoding = 4; lastKnownFileType = file.xib; path = ShopManagementViewController.xib; sourceTree = "<group>"; };
		F62A695E1FFA263E00732FAB /* AddNewShopViewController.xib */ = {isa = PBXFileReference; fileEncoding = 4; lastKnownFileType = file.xib; path = AddNewShopViewController.xib; sourceTree = "<group>"; };
		F62A695F1FFA263E00732FAB /* AddNewShopViewController.swift */ = {isa = PBXFileReference; fileEncoding = 4; lastKnownFileType = sourcecode.swift; path = AddNewShopViewController.swift; sourceTree = "<group>"; };
		F62A69601FFA263E00732FAB /* DetailShopViewController.xib */ = {isa = PBXFileReference; fileEncoding = 4; lastKnownFileType = file.xib; path = DetailShopViewController.xib; sourceTree = "<group>"; };
		F62A69621FFA263E00732FAB /* ProductManagementViewController.swift */ = {isa = PBXFileReference; fileEncoding = 4; lastKnownFileType = sourcecode.swift; path = ProductManagementViewController.swift; sourceTree = "<group>"; };
		F62A69631FFA263E00732FAB /* ProductManagementViewController.xib */ = {isa = PBXFileReference; fileEncoding = 4; lastKnownFileType = file.xib; path = ProductManagementViewController.xib; sourceTree = "<group>"; };
		F62A69651FFA263E00732FAB /* NewsReleaseViewController.swift */ = {isa = PBXFileReference; fileEncoding = 4; lastKnownFileType = sourcecode.swift; path = NewsReleaseViewController.swift; sourceTree = "<group>"; };
		F62A69661FFA263E00732FAB /* NewsReleaseViewController.xib */ = {isa = PBXFileReference; fileEncoding = 4; lastKnownFileType = file.xib; path = NewsReleaseViewController.xib; sourceTree = "<group>"; };
		F62A69671FFA263E00732FAB /* workbenchTableViewCell.xib */ = {isa = PBXFileReference; fileEncoding = 4; lastKnownFileType = file.xib; path = workbenchTableViewCell.xib; sourceTree = "<group>"; };
		F62A69681FFA263E00732FAB /* workbenchTableViewCell.swift */ = {isa = PBXFileReference; fileEncoding = 4; lastKnownFileType = sourcecode.swift; path = workbenchTableViewCell.swift; sourceTree = "<group>"; };
		F62A696A1FFA263E00732FAB /* DetailMessageViewController.xib */ = {isa = PBXFileReference; fileEncoding = 4; lastKnownFileType = file.xib; path = DetailMessageViewController.xib; sourceTree = "<group>"; };
		F62A696B1FFA263E00732FAB /* MessageViewController.xib */ = {isa = PBXFileReference; fileEncoding = 4; lastKnownFileType = file.xib; path = MessageViewController.xib; sourceTree = "<group>"; };
		F62A696D1FFA263E00732FAB /* MessageTableViewCell.swift */ = {isa = PBXFileReference; fileEncoding = 4; lastKnownFileType = sourcecode.swift; path = MessageTableViewCell.swift; sourceTree = "<group>"; };
		F62A696E1FFA263E00732FAB /* MessageTableViewCell.xib */ = {isa = PBXFileReference; fileEncoding = 4; lastKnownFileType = file.xib; path = MessageTableViewCell.xib; sourceTree = "<group>"; };
		F62A696F1FFA263E00732FAB /* DetailMessageViewController.swift */ = {isa = PBXFileReference; fileEncoding = 4; lastKnownFileType = sourcecode.swift; path = DetailMessageViewController.swift; sourceTree = "<group>"; };
		F62A69701FFA263E00732FAB /* MessageViewController.swift */ = {isa = PBXFileReference; fileEncoding = 4; lastKnownFileType = sourcecode.swift; path = MessageViewController.swift; sourceTree = "<group>"; };
		F62A69A11FFA278A00732FAB /* Common.xcassets */ = {isa = PBXFileReference; lastKnownFileType = folder.assetcatalog; path = Common.xcassets; sourceTree = "<group>"; };
		F62A69A21FFA278A00732FAB /* Login.xcassets */ = {isa = PBXFileReference; lastKnownFileType = folder.assetcatalog; path = Login.xcassets; sourceTree = "<group>"; };
		F62A69A51FFA286A00732FAB /* RefreshTableViewController.swift */ = {isa = PBXFileReference; lastKnownFileType = sourcecode.swift; path = RefreshTableViewController.swift; sourceTree = "<group>"; };
		F62A69A61FFA286A00732FAB /* RefreshTableViewController.xib */ = {isa = PBXFileReference; lastKnownFileType = file.xib; path = RefreshTableViewController.xib; sourceTree = "<group>"; };
		F62A876E1FFBD269003A2F33 /* MessageModel.swift */ = {isa = PBXFileReference; lastKnownFileType = sourcecode.swift; path = MessageModel.swift; sourceTree = "<group>"; };
		F63FB70420132BF500770533 /* AfterSaleDetailViewController.swift */ = {isa = PBXFileReference; lastKnownFileType = sourcecode.swift; path = AfterSaleDetailViewController.swift; sourceTree = "<group>"; };
		F63FB70520132BF500770533 /* AfterSaleDetailViewController.xib */ = {isa = PBXFileReference; lastKnownFileType = file.xib; path = AfterSaleDetailViewController.xib; sourceTree = "<group>"; };
		F63FB70820132E0300770533 /* AfterSaleModel.swift */ = {isa = PBXFileReference; lastKnownFileType = sourcecode.swift; path = AfterSaleModel.swift; sourceTree = "<group>"; };
		F63FB70A201349C300770533 /* addProductsUsingViewController.swift */ = {isa = PBXFileReference; lastKnownFileType = sourcecode.swift; path = addProductsUsingViewController.swift; sourceTree = "<group>"; };
		F63FB70B201349C300770533 /* addProductsUsingViewController.xib */ = {isa = PBXFileReference; lastKnownFileType = file.xib; path = addProductsUsingViewController.xib; sourceTree = "<group>"; };
		F69167AD200A06F5003D3165 /* UserModel.swift */ = {isa = PBXFileReference; lastKnownFileType = sourcecode.swift; path = UserModel.swift; sourceTree = "<group>"; };
		F69167AF200A0D5B003D3165 /* ChooseShopViewController.swift */ = {isa = PBXFileReference; lastKnownFileType = sourcecode.swift; path = ChooseShopViewController.swift; sourceTree = "<group>"; };
		F69167B0200A0D5B003D3165 /* ChooseShopViewController.xib */ = {isa = PBXFileReference; lastKnownFileType = file.xib; path = ChooseShopViewController.xib; sourceTree = "<group>"; };
		F6A0074C201328C9003745E8 /* AfterSaleTableViewCell.swift */ = {isa = PBXFileReference; lastKnownFileType = sourcecode.swift; path = AfterSaleTableViewCell.swift; sourceTree = "<group>"; };
		F6A0074D201328C9003745E8 /* AfterSaleTableViewCell.xib */ = {isa = PBXFileReference; lastKnownFileType = file.xib; path = AfterSaleTableViewCell.xib; sourceTree = "<group>"; };
/* End PBXFileReference section */

/* Begin PBXFrameworksBuildPhase section */
		F62A68DA1FFA18BB00732FAB /* Frameworks */ = {
			isa = PBXFrameworksBuildPhase;
			buildActionMask = 2147483647;
			files = (
				477988A8B7626992B8A8AA5C /* Pods_Snake_Feitian.framework in Frameworks */,
			);
			runOnlyForDeploymentPostprocessing = 0;
		};
/* End PBXFrameworksBuildPhase section */

/* Begin PBXGroup section */
		57790387DE68FC49BD08609A /* Frameworks */ = {
			isa = PBXGroup;
			children = (
				F196A3E7F6A3179653236CD4 /* Pods_Snake_Feitian.framework */,
			);
			name = Frameworks;
			sourceTree = "<group>";
		};
		C66615876CDECC84B198FDDD /* Pods */ = {
			isa = PBXGroup;
			children = (
				35B2270EBECD62CF3B8FD52E /* Pods-Snake_Feitian.debug.xcconfig */,
				563B6C29904E0D01D0C23E19 /* Pods-Snake_Feitian.release.xcconfig */,
			);
			name = Pods;
			sourceTree = "<group>";
		};
		F6268C43200B53B60036FC2B /* DetailCustomer */ = {
			isa = PBXGroup;
			children = (
				F6268C56200B5CF80036FC2B /* Component */,
				F6268C44200B541D0036FC2B /* ProductsUsingViewController.swift */,
				F6268C45200B541D0036FC2B /* ProductsUsingViewController.xib */,
				F63FB70A201349C300770533 /* addProductsUsingViewController.swift */,
				F63FB70B201349C300770533 /* addProductsUsingViewController.xib */,
				F6268C48200B54420036FC2B /* BodyStatusViewController.swift */,
				F6268C49200B54420036FC2B /* BodyStatusViewController.xib */,
				F6268C5B200B64910036FC2B /* AddBodyStatusViewController.swift */,
				F6268C5C200B64910036FC2B /* AddBodyStatusViewController.xib */,
				F6268C57200B646A0036FC2B /* AlterBodyStatusViewController.swift */,
				F6268C58200B646A0036FC2B /* AlterBodyStatusViewController.xib */,
				F6268C4C200B545A0036FC2B /* FollowingEmployeesViewController.swift */,
				F6268C4D200B545A0036FC2B /* FollowingEmployeesViewController.xib */,
				F6268C5F200B64AF0036FC2B /* AddFollowingEmployeesViewController.swift */,
				F6268C60200B64AF0036FC2B /* AddFollowingEmployeesViewController.xib */,
			);
			path = DetailCustomer;
			sourceTree = "<group>";
		};
		F6268C56200B5CF80036FC2B /* Component */ = {
			isa = PBXGroup;
			children = (
				F6268C52200B5CEC0036FC2B /* BodyStatusTableViewCell.swift */,
				F6268C53200B5CEC0036FC2B /* BodyStatusTableViewCell.xib */,
			);
			path = Component;
			sourceTree = "<group>";
		};
		F62A68D41FFA18BB00732FAB = {
			isa = PBXGroup;
			children = (
				F62A68DF1FFA18BB00732FAB /* Snake_Feitian */,
				F62A68DE1FFA18BB00732FAB /* Products */,
				C66615876CDECC84B198FDDD /* Pods */,
				57790387DE68FC49BD08609A /* Frameworks */,
			);
			sourceTree = "<group>";
		};
		F62A68DE1FFA18BB00732FAB /* Products */ = {
			isa = PBXGroup;
			children = (
				F62A68DD1FFA18BB00732FAB /* Snake_Feitian.app */,
			);
			name = Products;
			sourceTree = "<group>";
		};
		F62A68DF1FFA18BB00732FAB /* Snake_Feitian */ = {
			isa = PBXGroup;
			children = (
				F62A68F31FFA1A4D00732FAB /* Resource */,
				F62A68F21FFA1A2100732FAB /* Source */,
				F62A68E01FFA18BB00732FAB /* AppDelegate.swift */,
				F62A68E21FFA18BB00732FAB /* ViewController.swift */,
				F62A68EC1FFA18BB00732FAB /* Info.plist */,
				F62A68E41FFA18BB00732FAB /* Main.storyboard */,
				F62A68E91FFA18BB00732FAB /* LaunchScreen.storyboard */,
				F62A69011FFA1F9F00732FAB /* Snake_Feitian-Bridging-Header.h */,
			);
			path = Snake_Feitian;
			sourceTree = "<group>";
		};
		F62A68F21FFA1A2100732FAB /* Source */ = {
			isa = PBXGroup;
			children = (
				F62A68F51FFA1A9F00732FAB /* Supporting Files */,
				F62A68F71FFA1ACD00732FAB /* Classes */,
				F62A68F61FFA1AB100732FAB /* Expand */,
			);
			path = Source;
			sourceTree = "<group>";
		};
		F62A68F31FFA1A4D00732FAB /* Resource */ = {
			isa = PBXGroup;
			children = (
				F62A69A11FFA278A00732FAB /* Common.xcassets */,
				F62A69A21FFA278A00732FAB /* Login.xcassets */,
				F62A68E71FFA18BB00732FAB /* Assets.xcassets */,
			);
			path = Resource;
			sourceTree = "<group>";
		};
		F62A68F41FFA1A7200732FAB /* Tool */ = {
			isa = PBXGroup;
			children = (
				F62A68FE1FFA1BE500732FAB /* SessionManager.swift */,
				F69167AD200A06F5003D3165 /* UserModel.swift */,
				F62A68FA1FFA1BB200732FAB /* URLManager.swift */,
				F62A68FC1FFA1BCF00732FAB /* HttpManager.swift */,
				F62A691E1FFA239500732FAB /* AlertHelper.swift */,
				F62A691D1FFA239500732FAB /* ToolHelper.swift */,
				F62A69061FFA206F00732FAB /* NotificationDefineds.swift */,
				F62A69081FFA209A00732FAB /* StringMd5.swift */,
				F62A690B1FFA20DC00732FAB /* CreatAlertViewController.swift */,
				F62A690C1FFA20DD00732FAB /* YTNibPlaceHolderView.swift */,
				F62A690A1FFA20DC00732FAB /* YTNibPlaceHolderView.xib */,
			);
			path = Tool;
			sourceTree = "<group>";
		};
		F62A68F51FFA1A9F00732FAB /* Supporting Files */ = {
			isa = PBXGroup;
			children = (
			);
			path = "Supporting Files";
			sourceTree = "<group>";
		};
		F62A68F61FFA1AB100732FAB /* Expand */ = {
			isa = PBXGroup;
			children = (
				F62A69181FFA22F700732FAB /* Extension */,
				F62A69001FFA1F8700732FAB /* Macros */,
				F62A68F91FFA1B2000732FAB /* Base */,
				F62A68F81FFA1AFC00732FAB /* CommonViews */,
				F62A68F41FFA1A7200732FAB /* Tool */,
			);
			path = Expand;
			sourceTree = "<group>";
		};
		F62A68F71FFA1ACD00732FAB /* Classes */ = {
			isa = PBXGroup;
			children = (
				F62A69691FFA263E00732FAB /* Message */,
				F62A69331FFA263E00732FAB /* Mine */,
				F62A693A1FFA263E00732FAB /* Workbench */,
				F62A69281FFA24BC00732FAB /* Main */,
				F62A69271FFA24AE00732FAB /* Login */,
			);
			path = Classes;
			sourceTree = "<group>";
		};
		F62A68F81FFA1AFC00732FAB /* CommonViews */ = {
			isa = PBXGroup;
			children = (
				F62A69A51FFA286A00732FAB /* RefreshTableViewController.swift */,
				F62A69A61FFA286A00732FAB /* RefreshTableViewController.xib */,
			);
			path = CommonViews;
			sourceTree = "<group>";
		};
		F62A68F91FFA1B2000732FAB /* Base */ = {
			isa = PBXGroup;
			children = (
				F62A69231FFA245700732FAB /* BaseTableViewCell.swift */,
				F62A69241FFA245700732FAB /* BaseTableViewCell.xib */,
				F611DC452009EBD9009A1203 /* BaseTitleDetailTableViewCell.swift */,
				F611DC462009EBD9009A1203 /* BaseTitleDetailTableViewCell.xib */,
				F62A69101FFA21CA00732FAB /* BaseNavigationController.swift */,
				F62A69121FFA21CA00732FAB /* BaseNavigationController.xib */,
				F62A69131FFA21CA00732FAB /* BaseViewController.swift */,
				F62A69111FFA21CA00732FAB /* BaseViewController.xib */,
			);
			path = Base;
			sourceTree = "<group>";
		};
		F62A69001FFA1F8700732FAB /* Macros */ = {
			isa = PBXGroup;
			children = (
				F62A69211FFA23FB00732FAB /* ConstantStringDefines.swift */,
			);
			path = Macros;
			sourceTree = "<group>";
		};
		F62A69181FFA22F700732FAB /* Extension */ = {
			isa = PBXGroup;
			children = (
				F62A691A1FFA231700732FAB /* UIViewControllerExtension.swift */,
				F62A69191FFA231700732FAB /* UIViewExtension.swift */,
			);
			path = Extension;
			sourceTree = "<group>";
		};
		F62A69271FFA24AE00732FAB /* Login */ = {
			isa = PBXGroup;
			children = (
				F62A69301FFA260400732FAB /* LoginViewController.swift */,
				F62A692F1FFA260400732FAB /* LoginViewController.xib */,
			);
			path = Login;
			sourceTree = "<group>";
		};
		F62A69281FFA24BC00732FAB /* Main */ = {
			isa = PBXGroup;
			children = (
				F62A692D1FFA25FD00732FAB /* MainViewController.swift */,
			);
			path = Main;
			sourceTree = "<group>";
		};
		F62A69331FFA263E00732FAB /* Mine */ = {
			isa = PBXGroup;
			children = (
				F62A69341FFA263E00732FAB /* MineTableViewCell.swift */,
				F62A69391FFA263E00732FAB /* MineTableViewCell.xib */,
				F62A69351FFA263E00732FAB /* MineHeaderView.swift */,
				F62A69371FFA263E00732FAB /* MineHeaderView.xib */,
				F62A69381FFA263E00732FAB /* MineViewController.swift */,
				F62A69361FFA263E00732FAB /* MineViewController.xib */,
				F6268C3B200B43150036FC2B /* AlterPasswordViewController.swift */,
				F6268C3C200B43150036FC2B /* AlterPasswordViewController.xib */,
				F6268C3F200B43290036FC2B /* CheckPersonalInfoViewController.swift */,
				F6268C40200B43290036FC2B /* CheckPersonalInfoViewController.xib */,
			);
			path = Mine;
			sourceTree = "<group>";
		};
		F62A693A1FFA263E00732FAB /* Workbench */ = {
			isa = PBXGroup;
			children = (
				F62A693D1FFA263E00732FAB /* DetailWorkbench */,
				F62A693C1FFA263E00732FAB /* WorkbenchViewController.swift */,
				F62A693B1FFA263E00732FAB /* WorkbenchViewController.xib */,
				F62A69681FFA263E00732FAB /* workbenchTableViewCell.swift */,
				F62A69671FFA263E00732FAB /* workbenchTableViewCell.xib */,
			);
			path = Workbench;
			sourceTree = "<group>";
		};
		F62A693D1FFA263E00732FAB /* DetailWorkbench */ = {
			isa = PBXGroup;
			children = (
				F62A69471FFA263E00732FAB /* MineCustomerViewController */,
				F62A693E1FFA263E00732FAB /* AfterSalesManagementViewController */,
				F62A69611FFA263E00732FAB /* ProductManagementViewController */,
				F62A69411FFA263E00732FAB /* EmployeesManagementViewController */,
				F62A69641FFA263E00732FAB /* NewsReleaseViewController */,
				F62A69551FFA263E00732FAB /* ShopManagementViewController */,
			);
			path = DetailWorkbench;
			sourceTree = "<group>";
		};
		F62A693E1FFA263E00732FAB /* AfterSalesManagementViewController */ = {
			isa = PBXGroup;
			children = (
				F6A0074B201328AE003745E8 /* Component */,
				F63FB70820132E0300770533 /* AfterSaleModel.swift */,
				F62A69401FFA263E00732FAB /* AfterSalesManagementViewController.swift */,
				F62A693F1FFA263E00732FAB /* AfterSalesManagementViewController.xib */,
				F63FB70420132BF500770533 /* AfterSaleDetailViewController.swift */,
				F63FB70520132BF500770533 /* AfterSaleDetailViewController.xib */,
			);
			path = AfterSalesManagementViewController;
			sourceTree = "<group>";
		};
		F62A69411FFA263E00732FAB /* EmployeesManagementViewController */ = {
			isa = PBXGroup;
			children = (
				F62A69421FFA263E00732FAB /* Component */,
				F62A69451FFA263E00732FAB /* EmployeesManagementViewController.swift */,
				F62A69461FFA263E00732FAB /* EmployeesManagementViewController.xib */,
				F611DC512009FDD7009A1203 /* RegisterEmployeeViewController.swift */,
				F611DC522009FDD7009A1203 /* RegisterEmployeeViewController.xib */,
				F69167AF200A0D5B003D3165 /* ChooseShopViewController.swift */,
				F69167B0200A0D5B003D3165 /* ChooseShopViewController.xib */,
			);
			path = EmployeesManagementViewController;
			sourceTree = "<group>";
		};
		F62A69421FFA263E00732FAB /* Component */ = {
			isa = PBXGroup;
			children = (
				F62A69441FFA263E00732FAB /* EmployeesManagementTableViewCell.swift */,
				F62A69431FFA263E00732FAB /* EmployeesManagementTableViewCell.xib */,
			);
			path = Component;
			sourceTree = "<group>";
		};
		F62A69471FFA263E00732FAB /* MineCustomerViewController */ = {
			isa = PBXGroup;
			children = (
				F62A694C1FFA263E00732FAB /* Component */,
				F6268C50200B58C70036FC2B /* CustomerModel.swift */,
				F62A69541FFA263E00732FAB /* MineCustomerViewController.swift */,
				F62A694B1FFA263E00732FAB /* MineCustomerViewController.xib */,
				F62A69481FFA263E00732FAB /* MoreDetailCustomerViewController.swift */,
				F62A69521FFA263E00732FAB /* MoreDetailCustomerViewController.xib */,
				F62A69511FFA263E00732FAB /* AddNewCustomerViewController.swift */,
				F62A69491FFA263E00732FAB /* AddNewCustomerViewController.xib */,
				F62A69531FFA263E00732FAB /* DetailCustomerViewController.swift */,
				F62A694A1FFA263E00732FAB /* DetailCustomerViewController.xib */,
				F6268C43200B53B60036FC2B /* DetailCustomer */,
			);
			path = MineCustomerViewController;
			sourceTree = "<group>";
		};
		F62A694C1FFA263E00732FAB /* Component */ = {
			isa = PBXGroup;
			children = (
				F62A694F1FFA263E00732FAB /* MineCustomerTableViewCell.swift */,
				F62A694E1FFA263E00732FAB /* MineCustomerTableViewCell.xib */,
				F62A694D1FFA263E00732FAB /* DetailCustomerTableViewCell.swift */,
				F62A69501FFA263E00732FAB /* DetailCustomerTableViewCell.xib */,
			);
			path = Component;
			sourceTree = "<group>";
		};
		F62A69551FFA263E00732FAB /* ShopManagementViewController */ = {
			isa = PBXGroup;
			children = (
				F62A69581FFA263E00732FAB /* Component */,
				F62A69561FFA263E00732FAB /* ShopManagementViewController.swift */,
				F62A695D1FFA263E00732FAB /* ShopManagementViewController.xib */,
				F62A695C1FFA263E00732FAB /* DetailShopViewController.swift */,
				F62A69601FFA263E00732FAB /* DetailShopViewController.xib */,
				F62A69571FFA263E00732FAB /* EditShopViewController.swift */,
				F62A695B1FFA263E00732FAB /* EditShopViewController.xib */,
				F62A695F1FFA263E00732FAB /* AddNewShopViewController.swift */,
				F62A695E1FFA263E00732FAB /* AddNewShopViewController.xib */,
				F611DC412009E07B009A1203 /* ChooseManagerViewController.swift */,
				F611DC422009E07B009A1203 /* ChooseManagerViewController.xib */,
			);
			path = ShopManagementViewController;
			sourceTree = "<group>";
		};
		F62A69581FFA263E00732FAB /* Component */ = {
			isa = PBXGroup;
			children = (
				F62A69591FFA263E00732FAB /* ShopManagementTableViewCell.swift */,
				F62A695A1FFA263E00732FAB /* ShopManagementTableViewCell.xib */,
			);
			path = Component;
			sourceTree = "<group>";
		};
		F62A69611FFA263E00732FAB /* ProductManagementViewController */ = {
			isa = PBXGroup;
			children = (
				F62A69621FFA263E00732FAB /* ProductManagementViewController.swift */,
				F62A69631FFA263E00732FAB /* ProductManagementViewController.xib */,
			);
			path = ProductManagementViewController;
			sourceTree = "<group>";
		};
		F62A69641FFA263E00732FAB /* NewsReleaseViewController */ = {
			isa = PBXGroup;
			children = (
				F62A69651FFA263E00732FAB /* NewsReleaseViewController.swift */,
				F62A69661FFA263E00732FAB /* NewsReleaseViewController.xib */,
				F6268C63200B698A0036FC2B /* AddNewsReleaseViewController.swift */,
				F6268C64200B698A0036FC2B /* AddNewsReleaseViewController.xib */,
			);
			path = NewsReleaseViewController;
			sourceTree = "<group>";
		};
		F62A69691FFA263E00732FAB /* Message */ = {
			isa = PBXGroup;
			children = (
				F62A696C1FFA263E00732FAB /* Component */,
				F62A69701FFA263E00732FAB /* MessageViewController.swift */,
				F62A696B1FFA263E00732FAB /* MessageViewController.xib */,
				F62A696F1FFA263E00732FAB /* DetailMessageViewController.swift */,
				F62A696A1FFA263E00732FAB /* DetailMessageViewController.xib */,
				F62A876E1FFBD269003A2F33 /* MessageModel.swift */,
			);
			path = Message;
			sourceTree = "<group>";
		};
		F62A696C1FFA263E00732FAB /* Component */ = {
			isa = PBXGroup;
			children = (
				F62A696D1FFA263E00732FAB /* MessageTableViewCell.swift */,
				F62A696E1FFA263E00732FAB /* MessageTableViewCell.xib */,
			);
			path = Component;
			sourceTree = "<group>";
		};
		F6A0074B201328AE003745E8 /* Component */ = {
			isa = PBXGroup;
			children = (
				F6A0074C201328C9003745E8 /* AfterSaleTableViewCell.swift */,
				F6A0074D201328C9003745E8 /* AfterSaleTableViewCell.xib */,
			);
			path = Component;
			sourceTree = "<group>";
		};
/* End PBXGroup section */

/* Begin PBXNativeTarget section */
		F62A68DC1FFA18BB00732FAB /* Snake_Feitian */ = {
			isa = PBXNativeTarget;
			buildConfigurationList = F62A68EF1FFA18BB00732FAB /* Build configuration list for PBXNativeTarget "Snake_Feitian" */;
			buildPhases = (
				79871A9AB060104E69D5BD03 /* [CP] Check Pods Manifest.lock */,
				F62A68D91FFA18BB00732FAB /* Sources */,
				F62A68DA1FFA18BB00732FAB /* Frameworks */,
				F62A68DB1FFA18BB00732FAB /* Resources */,
				53A4841F1DA8CCFD92F0A510 /* [CP] Embed Pods Frameworks */,
				227D583E0BBF3614A37C3A0A /* [CP] Copy Pods Resources */,
			);
			buildRules = (
			);
			dependencies = (
			);
			name = Snake_Feitian;
			productName = Snake_Feitian;
			productReference = F62A68DD1FFA18BB00732FAB /* Snake_Feitian.app */;
			productType = "com.apple.product-type.application";
		};
/* End PBXNativeTarget section */

/* Begin PBXProject section */
		F62A68D51FFA18BB00732FAB /* Project object */ = {
			isa = PBXProject;
			attributes = {
				LastSwiftUpdateCheck = 0910;
				LastUpgradeCheck = 0910;
				ORGANIZATIONNAME = Snake;
				TargetAttributes = {
					F62A68DC1FFA18BB00732FAB = {
						CreatedOnToolsVersion = 9.1;
						LastSwiftMigration = 0910;
						ProvisioningStyle = Automatic;
					};
				};
			};
			buildConfigurationList = F62A68D81FFA18BB00732FAB /* Build configuration list for PBXProject "Snake_Feitian" */;
			compatibilityVersion = "Xcode 8.0";
			developmentRegion = en;
			hasScannedForEncodings = 0;
			knownRegions = (
				en,
				Base,
			);
			mainGroup = F62A68D41FFA18BB00732FAB;
			productRefGroup = F62A68DE1FFA18BB00732FAB /* Products */;
			projectDirPath = "";
			projectRoot = "";
			targets = (
				F62A68DC1FFA18BB00732FAB /* Snake_Feitian */,
			);
		};
/* End PBXProject section */

/* Begin PBXResourcesBuildPhase section */
		F62A68DB1FFA18BB00732FAB /* Resources */ = {
			isa = PBXResourcesBuildPhase;
			buildActionMask = 2147483647;
			files = (
				F62A698E1FFA263E00732FAB /* ShopManagementTableViewCell.xib in Resources */,
				F62A697B1FFA263E00732FAB /* EmployeesManagementTableViewCell.xib in Resources */,
				F63FB70720132BF500770533 /* AfterSaleDetailViewController.xib in Resources */,
				F611DC482009EBD9009A1203 /* BaseTitleDetailTableViewCell.xib in Resources */,
				F62A698F1FFA263E00732FAB /* EditShopViewController.xib in Resources */,
				F611DC442009E07B009A1203 /* ChooseManagerViewController.xib in Resources */,
				F62A69981FFA263E00732FAB /* NewsReleaseViewController.xib in Resources */,
				F62A69311FFA260400732FAB /* LoginViewController.xib in Resources */,
				F62A699B1FFA263E00732FAB /* DetailMessageViewController.xib in Resources */,
				F6268C4F200B545A0036FC2B /* FollowingEmployeesViewController.xib in Resources */,
				F62A69261FFA245800732FAB /* BaseTableViewCell.xib in Resources */,
				F6268C42200B43290036FC2B /* CheckPersonalInfoViewController.xib in Resources */,
				F62A69821FFA263E00732FAB /* MineCustomerViewController.xib in Resources */,
				F62A69991FFA263E00732FAB /* workbenchTableViewCell.xib in Resources */,
				F62A69791FFA263E00732FAB /* AfterSalesManagementViewController.xib in Resources */,
				F6268C5E200B64910036FC2B /* AddBodyStatusViewController.xib in Resources */,
				F62A69761FFA263E00732FAB /* MineTableViewCell.xib in Resources */,
				F62A69811FFA263E00732FAB /* DetailCustomerViewController.xib in Resources */,
				F62A69731FFA263E00732FAB /* MineViewController.xib in Resources */,
				F62A69841FFA263E00732FAB /* MineCustomerTableViewCell.xib in Resources */,
				F62A69161FFA21CA00732FAB /* BaseNavigationController.xib in Resources */,
				F6268C66200B698A0036FC2B /* AddNewsReleaseViewController.xib in Resources */,
				F6268C5A200B646A0036FC2B /* AlterBodyStatusViewController.xib in Resources */,
				F62A68EB1FFA18BB00732FAB /* LaunchScreen.storyboard in Resources */,
				F6268C47200B541D0036FC2B /* ProductsUsingViewController.xib in Resources */,
				F62A699C1FFA263E00732FAB /* MessageViewController.xib in Resources */,
				F62A69A31FFA278A00732FAB /* Common.xcassets in Resources */,
				F62A699E1FFA263E00732FAB /* MessageTableViewCell.xib in Resources */,
				F62A69A41FFA278A00732FAB /* Login.xcassets in Resources */,
				F62A69941FFA263E00732FAB /* DetailShopViewController.xib in Resources */,
				F62A69151FFA21CA00732FAB /* BaseViewController.xib in Resources */,
				F6268C4B200B54420036FC2B /* BodyStatusViewController.xib in Resources */,
				F62A69741FFA263E00732FAB /* MineHeaderView.xib in Resources */,
				F62A69801FFA263E00732FAB /* AddNewCustomerViewController.xib in Resources */,
				F6268C3E200B43150036FC2B /* AlterPasswordViewController.xib in Resources */,
				F62A690D1FFA20DD00732FAB /* YTNibPlaceHolderView.xib in Resources */,
				F62A68E81FFA18BB00732FAB /* Assets.xcassets in Resources */,
				F63FB70D201349C300770533 /* addProductsUsingViewController.xib in Resources */,
				F62A69961FFA263E00732FAB /* ProductManagementViewController.xib in Resources */,
				F6268C62200B64AF0036FC2B /* AddFollowingEmployeesViewController.xib in Resources */,
				F69167B2200A0D5B003D3165 /* ChooseShopViewController.xib in Resources */,
				F62A69A81FFA286A00732FAB /* RefreshTableViewController.xib in Resources */,
				F6268C55200B5CEC0036FC2B /* BodyStatusTableViewCell.xib in Resources */,
				F6A0074F201328C9003745E8 /* AfterSaleTableViewCell.xib in Resources */,
				F62A69921FFA263E00732FAB /* AddNewShopViewController.xib in Resources */,
				F62A69861FFA263E00732FAB /* DetailCustomerTableViewCell.xib in Resources */,
				F62A69771FFA263E00732FAB /* WorkbenchViewController.xib in Resources */,
				F611DC542009FDD7009A1203 /* RegisterEmployeeViewController.xib in Resources */,
				F62A697E1FFA263E00732FAB /* EmployeesManagementViewController.xib in Resources */,
				F62A68E61FFA18BB00732FAB /* Main.storyboard in Resources */,
				F62A69911FFA263E00732FAB /* ShopManagementViewController.xib in Resources */,
				F62A69881FFA263E00732FAB /* MoreDetailCustomerViewController.xib in Resources */,
			);
			runOnlyForDeploymentPostprocessing = 0;
		};
/* End PBXResourcesBuildPhase section */

/* Begin PBXShellScriptBuildPhase section */
		227D583E0BBF3614A37C3A0A /* [CP] Copy Pods Resources */ = {
			isa = PBXShellScriptBuildPhase;
			buildActionMask = 2147483647;
			files = (
			);
			inputPaths = (
			);
			name = "[CP] Copy Pods Resources";
			outputPaths = (
			);
			runOnlyForDeploymentPostprocessing = 0;
			shellPath = /bin/sh;
			shellScript = "\"${SRCROOT}/Pods/Target Support Files/Pods-Snake_Feitian/Pods-Snake_Feitian-resources.sh\"\n";
			showEnvVarsInLog = 0;
		};
		53A4841F1DA8CCFD92F0A510 /* [CP] Embed Pods Frameworks */ = {
			isa = PBXShellScriptBuildPhase;
			buildActionMask = 2147483647;
			files = (
			);
			inputPaths = (
			);
			name = "[CP] Embed Pods Frameworks";
			outputPaths = (
			);
			runOnlyForDeploymentPostprocessing = 0;
			shellPath = /bin/sh;
			shellScript = "\"${SRCROOT}/Pods/Target Support Files/Pods-Snake_Feitian/Pods-Snake_Feitian-frameworks.sh\"\n";
			showEnvVarsInLog = 0;
		};
		79871A9AB060104E69D5BD03 /* [CP] Check Pods Manifest.lock */ = {
			isa = PBXShellScriptBuildPhase;
			buildActionMask = 2147483647;
			files = (
			);
			inputPaths = (
			);
			name = "[CP] Check Pods Manifest.lock";
			outputPaths = (
			);
			runOnlyForDeploymentPostprocessing = 0;
			shellPath = /bin/sh;
			shellScript = "diff \"${PODS_PODFILE_DIR_PATH}/Podfile.lock\" \"${PODS_ROOT}/Manifest.lock\" > /dev/null\nif [ $? != 0 ] ; then\n    # print error to STDERR\n    echo \"error: The sandbox is not in sync with the Podfile.lock. Run 'pod install' or update your CocoaPods installation.\" >&2\n    exit 1\nfi\n";
			showEnvVarsInLog = 0;
		};
/* End PBXShellScriptBuildPhase section */

/* Begin PBXSourcesBuildPhase section */
		F62A68D91FFA18BB00732FAB /* Sources */ = {
			isa = PBXSourcesBuildPhase;
			buildActionMask = 2147483647;
			files = (
				F62A69831FFA263E00732FAB /* DetailCustomerTableViewCell.swift in Sources */,
				F6268C3D200B43150036FC2B /* AlterPasswordViewController.swift in Sources */,
				F69167B1200A0D5B003D3165 /* ChooseShopViewController.swift in Sources */,
				F69167AE200A06F5003D3165 /* UserModel.swift in Sources */,
				F62A69091FFA209A00732FAB /* StringMd5.swift in Sources */,
				F6A0074E201328C9003745E8 /* AfterSaleTableViewCell.swift in Sources */,
				F6268C41200B43290036FC2B /* CheckPersonalInfoViewController.swift in Sources */,
				F62A697D1FFA263E00732FAB /* EmployeesManagementViewController.swift in Sources */,
				F62A69891FFA263E00732FAB /* DetailCustomerViewController.swift in Sources */,
				F62A697A1FFA263E00732FAB /* AfterSalesManagementViewController.swift in Sources */,
				F62A69751FFA263E00732FAB /* MineViewController.swift in Sources */,
				F62A68E31FFA18BB00732FAB /* ViewController.swift in Sources */,
				F63FB70C201349C300770533 /* addProductsUsingViewController.swift in Sources */,
				F62A69171FFA21CA00732FAB /* BaseViewController.swift in Sources */,
				F6268C46200B541D0036FC2B /* ProductsUsingViewController.swift in Sources */,
				F611DC472009EBD9009A1203 /* BaseTitleDetailTableViewCell.swift in Sources */,
				F62A69201FFA239500732FAB /* AlertHelper.swift in Sources */,
				F62A69321FFA260400732FAB /* LoginViewController.swift in Sources */,
				F62A69A71FFA286A00732FAB /* RefreshTableViewController.swift in Sources */,
				F6268C59200B646A0036FC2B /* AlterBodyStatusViewController.swift in Sources */,
				F62A698A1FFA263E00732FAB /* MineCustomerViewController.swift in Sources */,
				F62A699F1FFA263F00732FAB /* DetailMessageViewController.swift in Sources */,
				F62A690F1FFA20DD00732FAB /* YTNibPlaceHolderView.swift in Sources */,
				F62A69721FFA263E00732FAB /* MineHeaderView.swift in Sources */,
				F63FB70920132E0300770533 /* AfterSaleModel.swift in Sources */,
				F62A69901FFA263E00732FAB /* DetailShopViewController.swift in Sources */,
				F62A697C1FFA263E00732FAB /* EmployeesManagementTableViewCell.swift in Sources */,
				F62A69221FFA23FC00732FAB /* ConstantStringDefines.swift in Sources */,
				F62A68E11FFA18BB00732FAB /* AppDelegate.swift in Sources */,
				F6268C51200B58C70036FC2B /* CustomerModel.swift in Sources */,
				F62A698C1FFA263E00732FAB /* EditShopViewController.swift in Sources */,
				F6268C65200B698A0036FC2B /* AddNewsReleaseViewController.swift in Sources */,
				F62A68FB1FFA1BB200732FAB /* URLManager.swift in Sources */,
				F62A691B1FFA231700732FAB /* UIViewExtension.swift in Sources */,
				F6268C4A200B54420036FC2B /* BodyStatusViewController.swift in Sources */,
				F62A68FF1FFA1BE500732FAB /* SessionManager.swift in Sources */,
				F6268C61200B64AF0036FC2B /* AddFollowingEmployeesViewController.swift in Sources */,
				F611DC432009E07B009A1203 /* ChooseManagerViewController.swift in Sources */,
				F6268C5D200B64910036FC2B /* AddBodyStatusViewController.swift in Sources */,
				F6268C4E200B545A0036FC2B /* FollowingEmployeesViewController.swift in Sources */,
				F62A699A1FFA263E00732FAB /* workbenchTableViewCell.swift in Sources */,
				F62A69071FFA206F00732FAB /* NotificationDefineds.swift in Sources */,
				F62A876F1FFBD269003A2F33 /* MessageModel.swift in Sources */,
				F62A69781FFA263E00732FAB /* WorkbenchViewController.swift in Sources */,
				F62A691C1FFA231700732FAB /* UIViewControllerExtension.swift in Sources */,
				F62A69251FFA245800732FAB /* BaseTableViewCell.swift in Sources */,
				F62A697F1FFA263E00732FAB /* MoreDetailCustomerViewController.swift in Sources */,
				F63FB70620132BF500770533 /* AfterSaleDetailViewController.swift in Sources */,
				F62A69711FFA263E00732FAB /* MineTableViewCell.swift in Sources */,
				F62A69A01FFA263F00732FAB /* MessageViewController.swift in Sources */,
				F62A68FD1FFA1BCF00732FAB /* HttpManager.swift in Sources */,
				F611DC532009FDD7009A1203 /* RegisterEmployeeViewController.swift in Sources */,
				F62A69851FFA263E00732FAB /* MineCustomerTableViewCell.swift in Sources */,
				F62A698D1FFA263E00732FAB /* ShopManagementTableViewCell.swift in Sources */,
				F62A69931FFA263E00732FAB /* AddNewShopViewController.swift in Sources */,
				F6268C54200B5CEC0036FC2B /* BodyStatusTableViewCell.swift in Sources */,
				F62A699D1FFA263E00732FAB /* MessageTableViewCell.swift in Sources */,
				F62A69971FFA263E00732FAB /* NewsReleaseViewController.swift in Sources */,
				F62A691F1FFA239500732FAB /* ToolHelper.swift in Sources */,
				F62A698B1FFA263E00732FAB /* ShopManagementViewController.swift in Sources */,
				F62A692E1FFA25FD00732FAB /* MainViewController.swift in Sources */,
				F62A69871FFA263E00732FAB /* AddNewCustomerViewController.swift in Sources */,
				F62A69951FFA263E00732FAB /* ProductManagementViewController.swift in Sources */,
				F62A69141FFA21CA00732FAB /* BaseNavigationController.swift in Sources */,
				F62A690E1FFA20DD00732FAB /* CreatAlertViewController.swift in Sources */,
			);
			runOnlyForDeploymentPostprocessing = 0;
		};
/* End PBXSourcesBuildPhase section */

/* Begin PBXVariantGroup section */
		F62A68E41FFA18BB00732FAB /* Main.storyboard */ = {
			isa = PBXVariantGroup;
			children = (
				F62A68E51FFA18BB00732FAB /* Base */,
			);
			name = Main.storyboard;
			sourceTree = "<group>";
		};
		F62A68E91FFA18BB00732FAB /* LaunchScreen.storyboard */ = {
			isa = PBXVariantGroup;
			children = (
				F62A68EA1FFA18BB00732FAB /* Base */,
			);
			name = LaunchScreen.storyboard;
			sourceTree = "<group>";
		};
/* End PBXVariantGroup section */

/* Begin XCBuildConfiguration section */
		F62A68ED1FFA18BB00732FAB /* Debug */ = {
			isa = XCBuildConfiguration;
			buildSettings = {
				ALWAYS_SEARCH_USER_PATHS = NO;
				CLANG_ANALYZER_NONNULL = YES;
				CLANG_ANALYZER_NUMBER_OBJECT_CONVERSION = YES_AGGRESSIVE;
				CLANG_CXX_LANGUAGE_STANDARD = "gnu++14";
				CLANG_CXX_LIBRARY = "libc++";
				CLANG_ENABLE_MODULES = YES;
				CLANG_ENABLE_OBJC_ARC = YES;
				CLANG_WARN_BLOCK_CAPTURE_AUTORELEASING = YES;
				CLANG_WARN_BOOL_CONVERSION = YES;
				CLANG_WARN_COMMA = YES;
				CLANG_WARN_CONSTANT_CONVERSION = YES;
				CLANG_WARN_DIRECT_OBJC_ISA_USAGE = YES_ERROR;
				CLANG_WARN_DOCUMENTATION_COMMENTS = YES;
				CLANG_WARN_EMPTY_BODY = YES;
				CLANG_WARN_ENUM_CONVERSION = YES;
				CLANG_WARN_INFINITE_RECURSION = YES;
				CLANG_WARN_INT_CONVERSION = YES;
				CLANG_WARN_NON_LITERAL_NULL_CONVERSION = YES;
				CLANG_WARN_OBJC_LITERAL_CONVERSION = YES;
				CLANG_WARN_OBJC_ROOT_CLASS = YES_ERROR;
				CLANG_WARN_RANGE_LOOP_ANALYSIS = YES;
				CLANG_WARN_STRICT_PROTOTYPES = YES;
				CLANG_WARN_SUSPICIOUS_MOVE = YES;
				CLANG_WARN_UNGUARDED_AVAILABILITY = YES_AGGRESSIVE;
				CLANG_WARN_UNREACHABLE_CODE = YES;
				CLANG_WARN__DUPLICATE_METHOD_MATCH = YES;
				CODE_SIGN_IDENTITY = "iPhone Developer";
				COPY_PHASE_STRIP = NO;
				DEBUG_INFORMATION_FORMAT = dwarf;
				ENABLE_STRICT_OBJC_MSGSEND = YES;
				ENABLE_TESTABILITY = YES;
				GCC_C_LANGUAGE_STANDARD = gnu11;
				GCC_DYNAMIC_NO_PIC = NO;
				GCC_NO_COMMON_BLOCKS = YES;
				GCC_OPTIMIZATION_LEVEL = 0;
				GCC_PREPROCESSOR_DEFINITIONS = (
					"DEBUG=1",
					"$(inherited)",
				);
				GCC_WARN_64_TO_32_BIT_CONVERSION = YES;
				GCC_WARN_ABOUT_RETURN_TYPE = YES_ERROR;
				GCC_WARN_UNDECLARED_SELECTOR = YES;
				GCC_WARN_UNINITIALIZED_AUTOS = YES_AGGRESSIVE;
				GCC_WARN_UNUSED_FUNCTION = YES;
				GCC_WARN_UNUSED_VARIABLE = YES;
				IPHONEOS_DEPLOYMENT_TARGET = 11.1;
				MTL_ENABLE_DEBUG_INFO = YES;
				ONLY_ACTIVE_ARCH = YES;
				SDKROOT = iphoneos;
				SWIFT_ACTIVE_COMPILATION_CONDITIONS = DEBUG;
				SWIFT_OPTIMIZATION_LEVEL = "-Onone";
			};
			name = Debug;
		};
		F62A68EE1FFA18BB00732FAB /* Release */ = {
			isa = XCBuildConfiguration;
			buildSettings = {
				ALWAYS_SEARCH_USER_PATHS = NO;
				CLANG_ANALYZER_NONNULL = YES;
				CLANG_ANALYZER_NUMBER_OBJECT_CONVERSION = YES_AGGRESSIVE;
				CLANG_CXX_LANGUAGE_STANDARD = "gnu++14";
				CLANG_CXX_LIBRARY = "libc++";
				CLANG_ENABLE_MODULES = YES;
				CLANG_ENABLE_OBJC_ARC = YES;
				CLANG_WARN_BLOCK_CAPTURE_AUTORELEASING = YES;
				CLANG_WARN_BOOL_CONVERSION = YES;
				CLANG_WARN_COMMA = YES;
				CLANG_WARN_CONSTANT_CONVERSION = YES;
				CLANG_WARN_DIRECT_OBJC_ISA_USAGE = YES_ERROR;
				CLANG_WARN_DOCUMENTATION_COMMENTS = YES;
				CLANG_WARN_EMPTY_BODY = YES;
				CLANG_WARN_ENUM_CONVERSION = YES;
				CLANG_WARN_INFINITE_RECURSION = YES;
				CLANG_WARN_INT_CONVERSION = YES;
				CLANG_WARN_NON_LITERAL_NULL_CONVERSION = YES;
				CLANG_WARN_OBJC_LITERAL_CONVERSION = YES;
				CLANG_WARN_OBJC_ROOT_CLASS = YES_ERROR;
				CLANG_WARN_RANGE_LOOP_ANALYSIS = YES;
				CLANG_WARN_STRICT_PROTOTYPES = YES;
				CLANG_WARN_SUSPICIOUS_MOVE = YES;
				CLANG_WARN_UNGUARDED_AVAILABILITY = YES_AGGRESSIVE;
				CLANG_WARN_UNREACHABLE_CODE = YES;
				CLANG_WARN__DUPLICATE_METHOD_MATCH = YES;
				CODE_SIGN_IDENTITY = "iPhone Developer";
				COPY_PHASE_STRIP = NO;
				DEBUG_INFORMATION_FORMAT = "dwarf-with-dsym";
				ENABLE_NS_ASSERTIONS = NO;
				ENABLE_STRICT_OBJC_MSGSEND = YES;
				GCC_C_LANGUAGE_STANDARD = gnu11;
				GCC_NO_COMMON_BLOCKS = YES;
				GCC_WARN_64_TO_32_BIT_CONVERSION = YES;
				GCC_WARN_ABOUT_RETURN_TYPE = YES_ERROR;
				GCC_WARN_UNDECLARED_SELECTOR = YES;
				GCC_WARN_UNINITIALIZED_AUTOS = YES_AGGRESSIVE;
				GCC_WARN_UNUSED_FUNCTION = YES;
				GCC_WARN_UNUSED_VARIABLE = YES;
				IPHONEOS_DEPLOYMENT_TARGET = 11.1;
				MTL_ENABLE_DEBUG_INFO = NO;
				SDKROOT = iphoneos;
				SWIFT_OPTIMIZATION_LEVEL = "-Owholemodule";
				VALIDATE_PRODUCT = YES;
			};
			name = Release;
		};
		F62A68F01FFA18BB00732FAB /* Debug */ = {
			isa = XCBuildConfiguration;
			baseConfigurationReference = 35B2270EBECD62CF3B8FD52E /* Pods-Snake_Feitian.debug.xcconfig */;
			buildSettings = {
				ASSETCATALOG_COMPILER_APPICON_NAME = AppIcon;
				CLANG_ENABLE_MODULES = YES;
				CODE_SIGN_STYLE = Automatic;
				DEVELOPMENT_TEAM = VU7QDQ3ABP;
				INFOPLIST_FILE = Snake_Feitian/Info.plist;
				LD_RUNPATH_SEARCH_PATHS = "$(inherited) @executable_path/Frameworks";
				PRODUCT_BUNDLE_IDENTIFIER = "snake.Snake-Feitian";
				PRODUCT_NAME = "$(TARGET_NAME)";
				SWIFT_OBJC_BRIDGING_HEADER = "Snake_Feitian/Snake_Feitian-Bridging-Header.h";
				SWIFT_OPTIMIZATION_LEVEL = "-Onone";
				SWIFT_VERSION = 4.0;
				TARGETED_DEVICE_FAMILY = "1,2";
			};
			name = Debug;
		};
		F62A68F11FFA18BB00732FAB /* Release */ = {
			isa = XCBuildConfiguration;
			baseConfigurationReference = 563B6C29904E0D01D0C23E19 /* Pods-Snake_Feitian.release.xcconfig */;
			buildSettings = {
				ASSETCATALOG_COMPILER_APPICON_NAME = AppIcon;
				CLANG_ENABLE_MODULES = YES;
				CODE_SIGN_STYLE = Automatic;
				DEVELOPMENT_TEAM = VU7QDQ3ABP;
				INFOPLIST_FILE = Snake_Feitian/Info.plist;
				LD_RUNPATH_SEARCH_PATHS = "$(inherited) @executable_path/Frameworks";
				PRODUCT_BUNDLE_IDENTIFIER = "snake.Snake-Feitian";
				PRODUCT_NAME = "$(TARGET_NAME)";
				SWIFT_OBJC_BRIDGING_HEADER = "Snake_Feitian/Snake_Feitian-Bridging-Header.h";
				SWIFT_VERSION = 4.0;
				TARGETED_DEVICE_FAMILY = "1,2";
			};
			name = Release;
		};
/* End XCBuildConfiguration section */

/* Begin XCConfigurationList section */
		F62A68D81FFA18BB00732FAB /* Build configuration list for PBXProject "Snake_Feitian" */ = {
			isa = XCConfigurationList;
			buildConfigurations = (
				F62A68ED1FFA18BB00732FAB /* Debug */,
				F62A68EE1FFA18BB00732FAB /* Release */,
			);
			defaultConfigurationIsVisible = 0;
			defaultConfigurationName = Release;
		};
		F62A68EF1FFA18BB00732FAB /* Build configuration list for PBXNativeTarget "Snake_Feitian" */ = {
			isa = XCConfigurationList;
			buildConfigurations = (
				F62A68F01FFA18BB00732FAB /* Debug */,
				F62A68F11FFA18BB00732FAB /* Release */,
			);
			defaultConfigurationIsVisible = 0;
			defaultConfigurationName = Release;
		};
/* End XCConfigurationList section */
	};
	rootObject = F62A68D51FFA18BB00732FAB /* Project object */;
}
